<?xml version="1.0" encoding="utf-8"?>
<Project ToolsVersion="4.0" xmlns="http://schemas.microsoft.com/developer/msbuild/2003">
  <ItemGroup>
    <Filter Include="Source Files">
      <UniqueIdentifier>{4FC737F1-C7A5-4376-A066-2A32D752A2FF}</UniqueIdentifier>
      <Extensions>cpp;c;cxx;def;odl;idl;hpj;bat;asm;asmx</Extensions>
    </Filter>
    <Filter Include="Header Files">
      <UniqueIdentifier>{93995380-89BD-4b04-88EB-625FBE52EBFB}</UniqueIdentifier>
      <Extensions>h;hpp;hxx;hm;inl;inc;xsd</Extensions>
    </Filter>
    <Filter Include="Resource Files">
      <UniqueIdentifier>{67DA6AB6-F800-4c08-8B7A-83BB121AAD01}</UniqueIdentifier>
      <Extensions>rc;ico;cur;bmp;dlg;rc2;rct;bin;rgs;gif;jpg;jpeg;jpe;resx</Extensions>
    </Filter>
  </ItemGroup>
  <ItemGroup>
    <ClCompile Include="..\cups\adminutil.c">
      <Filter>Source Files</Filter>
    </ClCompile>
    <ClCompile Include="..\cups\array.c">
      <Filter>Source Files</Filter>
    </ClCompile>
    <ClCompile Include="..\cups\auth.c">
      <Filter>Source Files</Filter>
    </ClCompile>
    <ClCompile Include="..\cups\backend.c">
      <Filter>Source Files</Filter>
    </ClCompile>
    <ClCompile Include="..\cups\debug.c">
      <Filter>Source Files</Filter>
    </ClCompile>
    <ClCompile Include="..\cups\dest-job.c">
      <Filter>Source Files</Filter>
    </ClCompile>
    <ClCompile Include="..\cups\dest-localization.c">
      <Filter>Source Files</Filter>
    </ClCompile>
    <ClCompile Include="..\cups\dest-options.c">
      <Filter>Source Files</Filter>
    </ClCompile>
    <ClCompile Include="..\cups\dest.c">
      <Filter>Source Files</Filter>
    </ClCompile>
    <ClCompile Include="..\cups\dir.c">
      <Filter>Source Files</Filter>
    </ClCompile>
    <ClCompile Include="..\cups\encode.c">
      <Filter>Source Files</Filter>
    </ClCompile>
    <ClCompile Include="..\cups\file.c">
      <Filter>Source Files</Filter>
    </ClCompile>
    <ClCompile Include="..\cups\getdevices.c">
      <Filter>Source Files</Filter>
    </ClCompile>
    <ClCompile Include="..\cups\getputfile.c">
      <Filter>Source Files</Filter>
    </ClCompile>
    <ClCompile Include="..\cups\globals.c">
      <Filter>Source Files</Filter>
    </ClCompile>
    <ClCompile Include="..\cups\http-addr.c">
      <Filter>Source Files</Filter>
    </ClCompile>
    <ClCompile Include="..\cups\http-addrlist.c">
      <Filter>Source Files</Filter>
    </ClCompile>
    <ClCompile Include="..\cups\http-support.c">
      <Filter>Source Files</Filter>
    </ClCompile>
    <ClCompile Include="..\cups\http.c">
      <Filter>Source Files</Filter>
    </ClCompile>
    <ClCompile Include="..\cups\ipp-support.c">
      <Filter>Source Files</Filter>
    </ClCompile>
    <ClCompile Include="..\cups\ipp.c">
      <Filter>Source Files</Filter>
    </ClCompile>
    <ClCompile Include="..\cups\langprintf.c">
      <Filter>Source Files</Filter>
    </ClCompile>
    <ClCompile Include="..\cups\language.c">
      <Filter>Source Files</Filter>
    </ClCompile>
    <ClCompile Include="..\cups\md5.c">
      <Filter>Source Files</Filter>
    </ClCompile>
    <ClCompile Include="..\cups\md5passwd.c">
      <Filter>Source Files</Filter>
    </ClCompile>
    <ClCompile Include="..\cups\notify.c">
      <Filter>Source Files</Filter>
    </ClCompile>
    <ClCompile Include="..\cups\options.c">
      <Filter>Source Files</Filter>
    </ClCompile>
    <ClCompile Include="..\cups\ppd-cache.c">
      <Filter>Source Files</Filter>
    </ClCompile>
    <ClCompile Include="..\cups\ppd.c">
      <Filter>Source Files</Filter>
    </ClCompile>
    <ClCompile Include="..\cups\pwg-media.c">
      <Filter>Source Files</Filter>
    </ClCompile>
    <ClCompile Include="..\cups\request.c">
      <Filter>Source Files</Filter>
    </ClCompile>
    <ClCompile Include="..\cups\snmp.c">
      <Filter>Source Files</Filter>
    </ClCompile>
    <ClCompile Include="..\cups\snprintf.c">
      <Filter>Source Files</Filter>
    </ClCompile>
    <ClCompile Include="..\cups\string.c">
      <Filter>Source Files</Filter>
    </ClCompile>
    <ClCompile Include="..\cups\tempfile.c">
      <Filter>Source Files</Filter>
    </ClCompile>
    <ClCompile Include="..\cups\thread.c">
      <Filter>Source Files</Filter>
    </ClCompile>
    <ClCompile Include="..\cups\tls.c">
      <Filter>Source Files</Filter>
    </ClCompile>
    <ClCompile Include="..\cups\transcode.c">
      <Filter>Source Files</Filter>
    </ClCompile>
    <ClCompile Include="..\cups\usersys.c">
      <Filter>Source Files</Filter>
    </ClCompile>
    <ClCompile Include="..\cups\util.c">
      <Filter>Source Files</Filter>
    </ClCompile>
    <ClCompile Include="..\cups\ppd-attr.c">
      <Filter>Source Files</Filter>
    </ClCompile>
    <ClCompile Include="..\cups\ppd-conflicts.c">
      <Filter>Source Files</Filter>
    </ClCompile>
    <ClCompile Include="..\cups\ppd-custom.c">
      <Filter>Source Files</Filter>
    </ClCompile>
    <ClCompile Include="..\cups\ppd-emit.c">
      <Filter>Source Files</Filter>
    </ClCompile>
    <ClCompile Include="..\cups\ppd-localize.c">
      <Filter>Source Files</Filter>
    </ClCompile>
    <ClCompile Include="..\cups\ppd-mark.c">
      <Filter>Source Files</Filter>
    </ClCompile>
    <ClCompile Include="..\cups\ppd-page.c">
      <Filter>Source Files</Filter>
    </ClCompile>
    <ClCompile Include="..\cups\ppd-util.c">
      <Filter>Source Files</Filter>
    </ClCompile>
    <ClCompile Include="..\cups\hash.c">
      <Filter>Source Files</Filter>
    </ClCompile>
  </ItemGroup>
  <ItemGroup>
    <None Include="..\cups\libcups2.def">
      <Filter>Source Files</Filter>
    </None>
  </ItemGroup>
  <ItemGroup>
    <ClInclude Include="..\cups\adminutil.h">
      <Filter>Header Files</Filter>
    </ClInclude>
    <ClInclude Include="..\cups\array.h">
      <Filter>Header Files</Filter>
    </ClInclude>
    <ClInclude Include="..\cups\backend.h">
      <Filter>Header Files</Filter>
    </ClInclude>
    <ClInclude Include="config.h">
      <Filter>Header Files</Filter>
    </ClInclude>
    <ClInclude Include="..\cups\cups-private.h">
      <Filter>Header Files</Filter>
    </ClInclude>
    <ClInclude Include="..\cups\cups.h">
      <Filter>Header Files</Filter>
    </ClInclude>
    <ClInclude Include="..\cups\debug-private.h">
      <Filter>Header Files</Filter>
    </ClInclude>
    <ClInclude Include="..\cups\dir.h">
      <Filter>Header Files</Filter>
    </ClInclude>
    <ClInclude Include="..\cups\file-private.h">
      <Filter>Header Files</Filter>
    </ClInclude>
    <ClInclude Include="..\cups\file.h">
      <Filter>Header Files</Filter>
    </ClInclude>
    <ClInclude Include="..\cups\globals.h">
      <Filter>Header Files</Filter>
    </ClInclude>
    <ClInclude Include="..\cups\http-private.h">
      <Filter>Header Files</Filter>
    </ClInclude>
    <ClInclude Include="..\cups\http.h">
      <Filter>Header Files</Filter>
    </ClInclude>
    <ClInclude Include="..\cups\i18n.h">
      <Filter>Header Files</Filter>
    </ClInclude>
    <ClInclude Include="..\cups\ipp-private.h">
      <Filter>Header Files</Filter>
    </ClInclude>
    <ClInclude Include="..\cups\ipp.h">
      <Filter>Header Files</Filter>
    </ClInclude>
    <ClInclude Include="..\cups\language.h">
      <Filter>Header Files</Filter>
    </ClInclude>
    <ClInclude Include="..\cups\md5-apple.h">
      <Filter>Header Files</Filter>
    </ClInclude>
    <ClInclude Include="..\cups\md5.h">
      <Filter>Header Files</Filter>
    </ClInclude>
    <ClInclude Include="..\cups\normalize.h">
      <Filter>Header Files</Filter>
    </ClInclude>
    <ClInclude Include="..\cups\ppd-private.h">
      <Filter>Header Files</Filter>
    </ClInclude>
    <ClInclude Include="..\cups\ppd.h">
      <Filter>Header Files</Filter>
    </ClInclude>
    <ClInclude Include="..\cups\pwg-private.h">
      <Filter>Header Files</Filter>
    </ClInclude>
    <ClInclude Include="..\cups\string-private.h">
      <Filter>Header Files</Filter>
    </ClInclude>
    <ClInclude Include="..\cups\thread-private.h">
      <Filter>Header Files</Filter>
    </ClInclude>
    <ClInclude Include="..\cups\transcode.h">
      <Filter>Header Files</Filter>
    </ClInclude>
  </ItemGroup>
</Project>