// !$*UTF8*$!
{
	archiveVersion = 1;
	classes = {
	};
	objectVersion = 46;
	objects = {

/* Begin PBXBuildFile section */
		72220EB61333052D00FCA411 /* adminutil.c in Sources */ = {isa = PBXBuildFile; fileRef = 72220EB51333052D00FCA411 /* adminutil.c */; };
		72220EC41333056300FCA411 /* adminutil.h in Headers */ = {isa = PBXBuildFile; fileRef = 72220EB71333056300FCA411 /* adminutil.h */; settings = {ATTRIBUTES = (Public, ); }; };
		72220EC51333056300FCA411 /* array.c in Sources */ = {isa = PBXBuildFile; fileRef = 72220EB81333056300FCA411 /* array.c */; };
		72220EC61333056300FCA411 /* array.h in Headers */ = {isa = PBXBuildFile; fileRef = 72220EB91333056300FCA411 /* array.h */; settings = {ATTRIBUTES = (Public, ); }; };
		72220EC71333056300FCA411 /* attr.c in Sources */ = {isa = PBXBuildFile; fileRef = 72220EBA1333056300FCA411 /* attr.c */; };
		72220EC81333056300FCA411 /* auth.c in Sources */ = {isa = PBXBuildFile; fileRef = 72220EBB1333056300FCA411 /* auth.c */; };
		72220EC91333056300FCA411 /* backchannel.c in Sources */ = {isa = PBXBuildFile; fileRef = 72220EBC1333056300FCA411 /* backchannel.c */; };
		72220ECA1333056300FCA411 /* backend.c in Sources */ = {isa = PBXBuildFile; fileRef = 72220EBD1333056300FCA411 /* backend.c */; };
		72220ECB1333056300FCA411 /* backend.h in Headers */ = {isa = PBXBuildFile; fileRef = 72220EBE1333056300FCA411 /* backend.h */; settings = {ATTRIBUTES = (Public, ); }; };
		72220ECC1333056300FCA411 /* conflicts.c in Sources */ = {isa = PBXBuildFile; fileRef = 72220EBF1333056300FCA411 /* conflicts.c */; };
		72220ECD1333056300FCA411 /* cups-private.h in Headers */ = {isa = PBXBuildFile; fileRef = 72220EC01333056300FCA411 /* cups-private.h */; settings = {ATTRIBUTES = (Private, ); }; };
		72220ECE1333056300FCA411 /* cups.h in Headers */ = {isa = PBXBuildFile; fileRef = 72220EC11333056300FCA411 /* cups.h */; settings = {ATTRIBUTES = (Public, ); }; };
		72220ECF1333056300FCA411 /* custom.c in Sources */ = {isa = PBXBuildFile; fileRef = 72220EC21333056300FCA411 /* custom.c */; };
		72220ED01333056300FCA411 /* debug-private.h in Headers */ = {isa = PBXBuildFile; fileRef = 72220EC31333056300FCA411 /* debug-private.h */; settings = {ATTRIBUTES = (Private, ); }; };
		72220F0B133305BB00FCA411 /* debug.c in Sources */ = {isa = PBXBuildFile; fileRef = 72220ED1133305BB00FCA411 /* debug.c */; };
		72220F0C133305BB00FCA411 /* dest.c in Sources */ = {isa = PBXBuildFile; fileRef = 72220ED2133305BB00FCA411 /* dest.c */; };
		72220F0D133305BB00FCA411 /* dir.c in Sources */ = {isa = PBXBuildFile; fileRef = 72220ED3133305BB00FCA411 /* dir.c */; };
		72220F0E133305BB00FCA411 /* dir.h in Headers */ = {isa = PBXBuildFile; fileRef = 72220ED4133305BB00FCA411 /* dir.h */; settings = {ATTRIBUTES = (Public, ); }; };
		72220F0F133305BB00FCA411 /* emit.c in Sources */ = {isa = PBXBuildFile; fileRef = 72220ED5133305BB00FCA411 /* emit.c */; };
		72220F10133305BB00FCA411 /* encode.c in Sources */ = {isa = PBXBuildFile; fileRef = 72220ED6133305BB00FCA411 /* encode.c */; };
		72220F11133305BB00FCA411 /* file-private.h in Headers */ = {isa = PBXBuildFile; fileRef = 72220ED7133305BB00FCA411 /* file-private.h */; settings = {ATTRIBUTES = (Private, ); }; };
		72220F12133305BB00FCA411 /* file.c in Sources */ = {isa = PBXBuildFile; fileRef = 72220ED8133305BB00FCA411 /* file.c */; };
		72220F13133305BB00FCA411 /* file.h in Headers */ = {isa = PBXBuildFile; fileRef = 72220ED9133305BB00FCA411 /* file.h */; settings = {ATTRIBUTES = (Public, ); }; };
		72220F14133305BB00FCA411 /* getdevices.c in Sources */ = {isa = PBXBuildFile; fileRef = 72220EDA133305BB00FCA411 /* getdevices.c */; };
		72220F15133305BB00FCA411 /* getifaddrs.c in Sources */ = {isa = PBXBuildFile; fileRef = 72220EDB133305BB00FCA411 /* getifaddrs.c */; };
		72220F16133305BB00FCA411 /* getputfile.c in Sources */ = {isa = PBXBuildFile; fileRef = 72220EDC133305BB00FCA411 /* getputfile.c */; };
		72220F17133305BB00FCA411 /* globals.c in Sources */ = {isa = PBXBuildFile; fileRef = 72220EDD133305BB00FCA411 /* globals.c */; };
		72220F18133305BB00FCA411 /* http-addr.c in Sources */ = {isa = PBXBuildFile; fileRef = 72220EDE133305BB00FCA411 /* http-addr.c */; };
		72220F19133305BB00FCA411 /* http-addrlist.c in Sources */ = {isa = PBXBuildFile; fileRef = 72220EDF133305BB00FCA411 /* http-addrlist.c */; };
		72220F1A133305BB00FCA411 /* http-private.h in Headers */ = {isa = PBXBuildFile; fileRef = 72220EE0133305BB00FCA411 /* http-private.h */; settings = {ATTRIBUTES = (Private, ); }; };
		72220F1B133305BB00FCA411 /* http-support.c in Sources */ = {isa = PBXBuildFile; fileRef = 72220EE1133305BB00FCA411 /* http-support.c */; };
		72220F1C133305BB00FCA411 /* http.c in Sources */ = {isa = PBXBuildFile; fileRef = 72220EE2133305BB00FCA411 /* http.c */; };
		72220F1D133305BB00FCA411 /* http.h in Headers */ = {isa = PBXBuildFile; fileRef = 72220EE3133305BB00FCA411 /* http.h */; settings = {ATTRIBUTES = (Public, ); }; };
		72220F1E133305BB00FCA411 /* ipp-private.h in Headers */ = {isa = PBXBuildFile; fileRef = 72220EE4133305BB00FCA411 /* ipp-private.h */; settings = {ATTRIBUTES = (Private, ); }; };
		72220F1F133305BB00FCA411 /* ipp-support.c in Sources */ = {isa = PBXBuildFile; fileRef = 72220EE5133305BB00FCA411 /* ipp-support.c */; };
		72220F20133305BB00FCA411 /* ipp.c in Sources */ = {isa = PBXBuildFile; fileRef = 72220EE6133305BB00FCA411 /* ipp.c */; };
		72220F21133305BB00FCA411 /* ipp.h in Headers */ = {isa = PBXBuildFile; fileRef = 72220EE7133305BB00FCA411 /* ipp.h */; settings = {ATTRIBUTES = (Public, ); }; };
		72220F22133305BB00FCA411 /* langprintf.c in Sources */ = {isa = PBXBuildFile; fileRef = 72220EE8133305BB00FCA411 /* langprintf.c */; };
		72220F23133305BB00FCA411 /* language-private.h in Headers */ = {isa = PBXBuildFile; fileRef = 72220EE9133305BB00FCA411 /* language-private.h */; settings = {ATTRIBUTES = (Private, ); }; };
		72220F24133305BB00FCA411 /* language.c in Sources */ = {isa = PBXBuildFile; fileRef = 72220EEA133305BB00FCA411 /* language.c */; };
		72220F25133305BB00FCA411 /* language.h in Headers */ = {isa = PBXBuildFile; fileRef = 72220EEB133305BB00FCA411 /* language.h */; settings = {ATTRIBUTES = (Public, ); }; };
		72220F26133305BB00FCA411 /* localize.c in Sources */ = {isa = PBXBuildFile; fileRef = 72220EEC133305BB00FCA411 /* localize.c */; };
		72220F27133305BB00FCA411 /* mark.c in Sources */ = {isa = PBXBuildFile; fileRef = 72220EED133305BB00FCA411 /* mark.c */; };
		72220F28133305BB00FCA411 /* md5-private.h in Headers */ = {isa = PBXBuildFile; fileRef = 72220EEE133305BB00FCA411 /* md5-private.h */; settings = {ATTRIBUTES = (Private, ); }; };
		72220F29133305BB00FCA411 /* md5.c in Sources */ = {isa = PBXBuildFile; fileRef = 72220EEF133305BB00FCA411 /* md5.c */; };
		72220F2A133305BB00FCA411 /* md5passwd.c in Sources */ = {isa = PBXBuildFile; fileRef = 72220EF0133305BB00FCA411 /* md5passwd.c */; };
		72220F2B133305BB00FCA411 /* notify.c in Sources */ = {isa = PBXBuildFile; fileRef = 72220EF1133305BB00FCA411 /* notify.c */; };
		72220F2C133305BB00FCA411 /* options.c in Sources */ = {isa = PBXBuildFile; fileRef = 72220EF2133305BB00FCA411 /* options.c */; };
		72220F2D133305BB00FCA411 /* page.c in Sources */ = {isa = PBXBuildFile; fileRef = 72220EF3133305BB00FCA411 /* page.c */; };
		72220F2E133305BB00FCA411 /* ppd-cache.c in Sources */ = {isa = PBXBuildFile; fileRef = 72220EF4133305BB00FCA411 /* ppd-cache.c */; };
		72220F2F133305BB00FCA411 /* ppd-private.h in Headers */ = {isa = PBXBuildFile; fileRef = 72220EF5133305BB00FCA411 /* ppd-private.h */; settings = {ATTRIBUTES = (Private, ); }; };
		72220F30133305BB00FCA411 /* ppd.c in Sources */ = {isa = PBXBuildFile; fileRef = 72220EF6133305BB00FCA411 /* ppd.c */; };
		72220F31133305BB00FCA411 /* ppd.h in Headers */ = {isa = PBXBuildFile; fileRef = 72220EF7133305BB00FCA411 /* ppd.h */; settings = {ATTRIBUTES = (Public, ); }; };
		72220F32133305BB00FCA411 /* pwg-media.c in Sources */ = {isa = PBXBuildFile; fileRef = 72220EF8133305BB00FCA411 /* pwg-media.c */; };
		72220F33133305BB00FCA411 /* pwg-private.h in Headers */ = {isa = PBXBuildFile; fileRef = 72220EF9133305BB00FCA411 /* pwg-private.h */; settings = {ATTRIBUTES = (Private, ); }; };
		72220F34133305BB00FCA411 /* raster.h in Headers */ = {isa = PBXBuildFile; fileRef = 72220EFA133305BB00FCA411 /* raster.h */; settings = {ATTRIBUTES = (Public, ); }; };
		72220F35133305BB00FCA411 /* request.c in Sources */ = {isa = PBXBuildFile; fileRef = 72220EFB133305BB00FCA411 /* request.c */; };
		72220F36133305BB00FCA411 /* sidechannel.c in Sources */ = {isa = PBXBuildFile; fileRef = 72220EFC133305BB00FCA411 /* sidechannel.c */; };
		72220F37133305BB00FCA411 /* sidechannel.h in Headers */ = {isa = PBXBuildFile; fileRef = 72220EFD133305BB00FCA411 /* sidechannel.h */; settings = {ATTRIBUTES = (Public, ); }; };
		72220F38133305BB00FCA411 /* snmp-private.h in Headers */ = {isa = PBXBuildFile; fileRef = 72220EFE133305BB00FCA411 /* snmp-private.h */; settings = {ATTRIBUTES = (Private, ); }; };
		72220F39133305BB00FCA411 /* snmp.c in Sources */ = {isa = PBXBuildFile; fileRef = 72220EFF133305BB00FCA411 /* snmp.c */; };
		72220F3A133305BB00FCA411 /* snprintf.c in Sources */ = {isa = PBXBuildFile; fileRef = 72220F00133305BB00FCA411 /* snprintf.c */; };
		72220F3B133305BB00FCA411 /* string-private.h in Headers */ = {isa = PBXBuildFile; fileRef = 72220F01133305BB00FCA411 /* string-private.h */; settings = {ATTRIBUTES = (Private, ); }; };
		72220F3C133305BB00FCA411 /* string.c in Sources */ = {isa = PBXBuildFile; fileRef = 72220F02133305BB00FCA411 /* string.c */; };
		72220F3D133305BB00FCA411 /* tempfile.c in Sources */ = {isa = PBXBuildFile; fileRef = 72220F03133305BB00FCA411 /* tempfile.c */; };
		72220F3E133305BB00FCA411 /* thread-private.h in Headers */ = {isa = PBXBuildFile; fileRef = 72220F04133305BB00FCA411 /* thread-private.h */; settings = {ATTRIBUTES = (Private, ); }; };
		72220F3F133305BB00FCA411 /* thread.c in Sources */ = {isa = PBXBuildFile; fileRef = 72220F05133305BB00FCA411 /* thread.c */; };
		72220F40133305BB00FCA411 /* transcode.c in Sources */ = {isa = PBXBuildFile; fileRef = 72220F06133305BB00FCA411 /* transcode.c */; };
		72220F41133305BB00FCA411 /* transcode.h in Headers */ = {isa = PBXBuildFile; fileRef = 72220F07133305BB00FCA411 /* transcode.h */; settings = {ATTRIBUTES = (Public, ); }; };
		72220F42133305BB00FCA411 /* usersys.c in Sources */ = {isa = PBXBuildFile; fileRef = 72220F08133305BB00FCA411 /* usersys.c */; };
		72220F43133305BB00FCA411 /* util.c in Sources */ = {isa = PBXBuildFile; fileRef = 72220F09133305BB00FCA411 /* util.c */; };
		72220F44133305BB00FCA411 /* versioning.h in Headers */ = {isa = PBXBuildFile; fileRef = 72220F0A133305BB00FCA411 /* versioning.h */; settings = {ATTRIBUTES = (Public, ); }; };
		72220F481333063D00FCA411 /* config.h in Headers */ = {isa = PBXBuildFile; fileRef = 72220F471333063D00FCA411 /* config.h */; settings = {ATTRIBUTES = (Private, ); }; };
		72220F4D133306BB00FCA411 /* CoreFoundation.framework in Frameworks */ = {isa = PBXBuildFile; fileRef = 72220F49133306BB00FCA411 /* CoreFoundation.framework */; };
		72220F4E133306BB00FCA411 /* libz.dylib in Frameworks */ = {isa = PBXBuildFile; fileRef = 72220F4A133306BB00FCA411 /* libz.dylib */; };
		72220F4F133306BB00FCA411 /* Security.framework in Frameworks */ = {isa = PBXBuildFile; fileRef = 72220F4B133306BB00FCA411 /* Security.framework */; };
		72220F50133306BB00FCA411 /* SystemConfiguration.framework in Frameworks */ = {isa = PBXBuildFile; fileRef = 72220F4C133306BB00FCA411 /* SystemConfiguration.framework */; };
		72220F52133308C100FCA411 /* libiconv.dylib in Frameworks */ = {isa = PBXBuildFile; fileRef = 72220F51133308C100FCA411 /* libiconv.dylib */; };
		72220F54133308CB00FCA411 /* libresolv.dylib in Frameworks */ = {isa = PBXBuildFile; fileRef = 72220F53133308CB00FCA411 /* libresolv.dylib */; };
		72220F56133308EA00FCA411 /* Kerberos.framework in Frameworks */ = {isa = PBXBuildFile; fileRef = 72220F55133308EA00FCA411 /* Kerberos.framework */; settings = {ATTRIBUTES = (Weak, ); }; };
		72220F6613330A7000FCA411 /* libcups.dylib in Frameworks */ = {isa = PBXBuildFile; fileRef = 72220EAE1333047D00FCA411 /* libcups.dylib */; };
		72220F6813330A8500FCA411 /* ApplicationServices.framework in Frameworks */ = {isa = PBXBuildFile; fileRef = 72220F6713330A8500FCA411 /* ApplicationServices.framework */; settings = {ATTRIBUTES = (Weak, ); }; };
		72220F9013330B0C00FCA411 /* auth.c in Sources */ = {isa = PBXBuildFile; fileRef = 72220F6913330B0C00FCA411 /* auth.c */; };
		72220F9113330B0C00FCA411 /* banners.c in Sources */ = {isa = PBXBuildFile; fileRef = 72220F6B13330B0C00FCA411 /* banners.c */; };
		72220F9213330B0C00FCA411 /* cert.c in Sources */ = {isa = PBXBuildFile; fileRef = 72220F6D13330B0C00FCA411 /* cert.c */; };
		72220F9313330B0C00FCA411 /* classes.c in Sources */ = {isa = PBXBuildFile; fileRef = 72220F6F13330B0C00FCA411 /* classes.c */; };
		72220F9413330B0C00FCA411 /* client.c in Sources */ = {isa = PBXBuildFile; fileRef = 72220F7113330B0C00FCA411 /* client.c */; };
		72220F9513330B0C00FCA411 /* conf.c in Sources */ = {isa = PBXBuildFile; fileRef = 72220F7313330B0C00FCA411 /* conf.c */; };
		72220F9613330B0C00FCA411 /* dirsvc.c in Sources */ = {isa = PBXBuildFile; fileRef = 72220F7613330B0C00FCA411 /* dirsvc.c */; };
		72220F9713330B0C00FCA411 /* env.c in Sources */ = {isa = PBXBuildFile; fileRef = 72220F7813330B0C00FCA411 /* env.c */; };
		72220F9813330B0C00FCA411 /* ipp.c in Sources */ = {isa = PBXBuildFile; fileRef = 72220F7913330B0C00FCA411 /* ipp.c */; };
		72220F9913330B0C00FCA411 /* job.c in Sources */ = {isa = PBXBuildFile; fileRef = 72220F7A13330B0C00FCA411 /* job.c */; };
		72220F9A13330B0C00FCA411 /* listen.c in Sources */ = {isa = PBXBuildFile; fileRef = 72220F7C13330B0C00FCA411 /* listen.c */; };
		72220F9B13330B0C00FCA411 /* log.c in Sources */ = {isa = PBXBuildFile; fileRef = 72220F7D13330B0C00FCA411 /* log.c */; };
		72220F9C13330B0C00FCA411 /* main.c in Sources */ = {isa = PBXBuildFile; fileRef = 72220F7E13330B0C00FCA411 /* main.c */; };
		72220F9D13330B0C00FCA411 /* network.c in Sources */ = {isa = PBXBuildFile; fileRef = 72220F7F13330B0C00FCA411 /* network.c */; };
		72220F9E13330B0C00FCA411 /* policy.c in Sources */ = {isa = PBXBuildFile; fileRef = 72220F8113330B0C00FCA411 /* policy.c */; };
		72220F9F13330B0C00FCA411 /* printers.c in Sources */ = {isa = PBXBuildFile; fileRef = 72220F8313330B0C00FCA411 /* printers.c */; };
		72220FA013330B0C00FCA411 /* process.c in Sources */ = {isa = PBXBuildFile; fileRef = 72220F8513330B0C00FCA411 /* process.c */; };
		72220FA113330B0C00FCA411 /* quotas.c in Sources */ = {isa = PBXBuildFile; fileRef = 72220F8613330B0C00FCA411 /* quotas.c */; };
		72220FA213330B0C00FCA411 /* removefile.c in Sources */ = {isa = PBXBuildFile; fileRef = 72220F8713330B0C00FCA411 /* removefile.c */; };
		72220FA313330B0C00FCA411 /* select.c in Sources */ = {isa = PBXBuildFile; fileRef = 72220F8813330B0C00FCA411 /* select.c */; };
		72220FA413330B0C00FCA411 /* server.c in Sources */ = {isa = PBXBuildFile; fileRef = 72220F8913330B0C00FCA411 /* server.c */; };
		72220FA513330B0C00FCA411 /* statbuf.c in Sources */ = {isa = PBXBuildFile; fileRef = 72220F8A13330B0C00FCA411 /* statbuf.c */; };
		72220FA613330B0C00FCA411 /* subscriptions.c in Sources */ = {isa = PBXBuildFile; fileRef = 72220F8C13330B0C00FCA411 /* subscriptions.c */; };
		72220FA713330B0C00FCA411 /* sysman.c in Sources */ = {isa = PBXBuildFile; fileRef = 72220F8E13330B0C00FCA411 /* sysman.c */; };
		72220FB613330BCE00FCA411 /* filter.c in Sources */ = {isa = PBXBuildFile; fileRef = 72220FB213330BCE00FCA411 /* filter.c */; };
		72220FB713330BCE00FCA411 /* mime.c in Sources */ = {isa = PBXBuildFile; fileRef = 72220FB313330BCE00FCA411 /* mime.c */; };
		72220FB813330BCE00FCA411 /* mime.h in Headers */ = {isa = PBXBuildFile; fileRef = 72220FB413330BCE00FCA411 /* mime.h */; settings = {ATTRIBUTES = (Public, ); }; };
		72220FB913330BCE00FCA411 /* type.c in Sources */ = {isa = PBXBuildFile; fileRef = 72220FB513330BCE00FCA411 /* type.c */; };
		72220FBA13330BEE00FCA411 /* libcups.dylib in Frameworks */ = {isa = PBXBuildFile; fileRef = 72220EAE1333047D00FCA411 /* libcups.dylib */; };
		72220FBF13330C1000FCA411 /* libcupsmime.dylib in Frameworks */ = {isa = PBXBuildFile; fileRef = 72220FAC13330B2200FCA411 /* libcupsmime.dylib */; };
		7263EE2713330D2800BA4D44 /* libpam.dylib in Frameworks */ = {isa = PBXBuildFile; fileRef = 7263EE2613330D2800BA4D44 /* libpam.dylib */; };
		7263EE2C13330D5C00BA4D44 /* Kerberos.framework in Frameworks */ = {isa = PBXBuildFile; fileRef = 7263EE2913330D5C00BA4D44 /* Kerberos.framework */; settings = {ATTRIBUTES = (Weak, ); }; };
		7263EE2D13330D5C00BA4D44 /* Security.framework in Frameworks */ = {isa = PBXBuildFile; fileRef = 7263EE2A13330D5C00BA4D44 /* Security.framework */; };
		7263EE2E13330D5C00BA4D44 /* SystemConfiguration.framework in Frameworks */ = {isa = PBXBuildFile; fileRef = 7263EE2B13330D5C00BA4D44 /* SystemConfiguration.framework */; };
		7263EE3013330DC100BA4D44 /* IOKit.framework in Frameworks */ = {isa = PBXBuildFile; fileRef = 7263EE2F13330DC100BA4D44 /* IOKit.framework */; };
		7263EE3213330E1E00BA4D44 /* libpthread.dylib in Frameworks */ = {isa = PBXBuildFile; fileRef = 7263EE3113330E1E00BA4D44 /* libpthread.dylib */; };
		7263EE3413330E3C00BA4D44 /* libresolv.dylib in Frameworks */ = {isa = PBXBuildFile; fileRef = 7263EE3313330E3C00BA4D44 /* libresolv.dylib */; };
		7263EE3613330E4E00BA4D44 /* CoreFoundation.framework in Frameworks */ = {isa = PBXBuildFile; fileRef = 7263EE3513330E4E00BA4D44 /* CoreFoundation.framework */; };
		7263EE3813330E7500BA4D44 /* libz.dylib in Frameworks */ = {isa = PBXBuildFile; fileRef = 7263EE3713330E7500BA4D44 /* libz.dylib */; };
		7263EE3A13330EC500BA4D44 /* libldap.dylib in Frameworks */ = {isa = PBXBuildFile; fileRef = 7263EE3913330EC500BA4D44 /* libldap.dylib */; };
/* End PBXBuildFile section */

/* Begin PBXContainerItemProxy section */
		72220F6413330A6500FCA411 /* PBXContainerItemProxy */ = {
			isa = PBXContainerItemProxy;
			containerPortal = 72BF96371333042100B1EAD7 /* Project object */;
			proxyType = 1;
			remoteGlobalIDString = 72220EAD1333047D00FCA411;
			remoteInfo = libcups;
		};
		72220FBB13330C0500FCA411 /* PBXContainerItemProxy */ = {
			isa = PBXContainerItemProxy;
			containerPortal = 72BF96371333042100B1EAD7 /* Project object */;
			proxyType = 1;
			remoteGlobalIDString = 72220EAD1333047D00FCA411;
			remoteInfo = libcups;
		};
		72220FBD13330C0B00FCA411 /* PBXContainerItemProxy */ = {
			isa = PBXContainerItemProxy;
			containerPortal = 72BF96371333042100B1EAD7 /* Project object */;
			proxyType = 1;
			remoteGlobalIDString = 72220FAB13330B2200FCA411;
			remoteInfo = libcupsmime;
		};
/* End PBXContainerItemProxy section */

/* Begin PBXCopyFilesBuildPhase section */
		72220F5913330A5A00FCA411 /* CopyFiles */ = {
			isa = PBXCopyFilesBuildPhase;
			buildActionMask = 2147483647;
			dstPath = /usr/share/man/man1/;
			dstSubfolderSpec = 0;
			files = (
			);
			runOnlyForDeploymentPostprocessing = 1;
		};
/* End PBXCopyFilesBuildPhase section */

/* Begin PBXFileReference section */
		72220EAE1333047D00FCA411 /* libcups.dylib */ = {isa = PBXFileReference; explicitFileType = "compiled.mach-o.dylib"; includeInIndex = 0; path = libcups.dylib; sourceTree = BUILT_PRODUCTS_DIR; };
		72220EB51333052D00FCA411 /* adminutil.c */ = {isa = PBXFileReference; fileEncoding = 4; lastKnownFileType = sourcecode.c.c; name = adminutil.c; path = ../cups/adminutil.c; sourceTree = "<group>"; };
		72220EB71333056300FCA411 /* adminutil.h */ = {isa = PBXFileReference; fileEncoding = 4; lastKnownFileType = sourcecode.c.h; name = adminutil.h; path = ../cups/adminutil.h; sourceTree = "<group>"; };
		72220EB81333056300FCA411 /* array.c */ = {isa = PBXFileReference; fileEncoding = 4; lastKnownFileType = sourcecode.c.c; name = array.c; path = ../cups/array.c; sourceTree = "<group>"; };
		72220EB91333056300FCA411 /* array.h */ = {isa = PBXFileReference; fileEncoding = 4; lastKnownFileType = sourcecode.c.h; name = array.h; path = ../cups/array.h; sourceTree = "<group>"; };
		72220EBA1333056300FCA411 /* attr.c */ = {isa = PBXFileReference; fileEncoding = 4; lastKnownFileType = sourcecode.c.c; name = attr.c; path = ../cups/attr.c; sourceTree = "<group>"; };
		72220EBB1333056300FCA411 /* auth.c */ = {isa = PBXFileReference; fileEncoding = 4; lastKnownFileType = sourcecode.c.c; name = auth.c; path = ../cups/auth.c; sourceTree = "<group>"; };
		72220EBC1333056300FCA411 /* backchannel.c */ = {isa = PBXFileReference; fileEncoding = 4; lastKnownFileType = sourcecode.c.c; name = backchannel.c; path = ../cups/backchannel.c; sourceTree = "<group>"; };
		72220EBD1333056300FCA411 /* backend.c */ = {isa = PBXFileReference; fileEncoding = 4; lastKnownFileType = sourcecode.c.c; name = backend.c; path = ../cups/backend.c; sourceTree = "<group>"; };
		72220EBE1333056300FCA411 /* backend.h */ = {isa = PBXFileReference; fileEncoding = 4; lastKnownFileType = sourcecode.c.h; name = backend.h; path = ../cups/backend.h; sourceTree = "<group>"; };
		72220EBF1333056300FCA411 /* conflicts.c */ = {isa = PBXFileReference; fileEncoding = 4; lastKnownFileType = sourcecode.c.c; name = conflicts.c; path = ../cups/conflicts.c; sourceTree = "<group>"; };
		72220EC01333056300FCA411 /* cups-private.h */ = {isa = PBXFileReference; fileEncoding = 4; lastKnownFileType = sourcecode.c.h; name = "cups-private.h"; path = "../cups/cups-private.h"; sourceTree = "<group>"; };
		72220EC11333056300FCA411 /* cups.h */ = {isa = PBXFileReference; fileEncoding = 4; lastKnownFileType = sourcecode.c.h; name = cups.h; path = ../cups/cups.h; sourceTree = "<group>"; };
		72220EC21333056300FCA411 /* custom.c */ = {isa = PBXFileReference; fileEncoding = 4; lastKnownFileType = sourcecode.c.c; name = custom.c; path = ../cups/custom.c; sourceTree = "<group>"; };
		72220EC31333056300FCA411 /* debug-private.h */ = {isa = PBXFileReference; fileEncoding = 4; lastKnownFileType = sourcecode.c.h; name = "debug-private.h"; path = "../cups/debug-private.h"; sourceTree = "<group>"; };
		72220ED1133305BB00FCA411 /* debug.c */ = {isa = PBXFileReference; fileEncoding = 4; lastKnownFileType = sourcecode.c.c; name = debug.c; path = ../cups/debug.c; sourceTree = "<group>"; };
		72220ED2133305BB00FCA411 /* dest.c */ = {isa = PBXFileReference; fileEncoding = 4; lastKnownFileType = sourcecode.c.c; name = dest.c; path = ../cups/dest.c; sourceTree = "<group>"; };
		72220ED3133305BB00FCA411 /* dir.c */ = {isa = PBXFileReference; fileEncoding = 4; lastKnownFileType = sourcecode.c.c; name = dir.c; path = ../cups/dir.c; sourceTree = "<group>"; };
		72220ED4133305BB00FCA411 /* dir.h */ = {isa = PBXFileReference; fileEncoding = 4; lastKnownFileType = sourcecode.c.h; name = dir.h; path = ../cups/dir.h; sourceTree = "<group>"; };
		72220ED5133305BB00FCA411 /* emit.c */ = {isa = PBXFileReference; fileEncoding = 4; lastKnownFileType = sourcecode.c.c; name = emit.c; path = ../cups/emit.c; sourceTree = "<group>"; };
		72220ED6133305BB00FCA411 /* encode.c */ = {isa = PBXFileReference; fileEncoding = 4; lastKnownFileType = sourcecode.c.c; name = encode.c; path = ../cups/encode.c; sourceTree = "<group>"; };
		72220ED7133305BB00FCA411 /* file-private.h */ = {isa = PBXFileReference; fileEncoding = 4; lastKnownFileType = sourcecode.c.h; name = "file-private.h"; path = "../cups/file-private.h"; sourceTree = "<group>"; };
		72220ED8133305BB00FCA411 /* file.c */ = {isa = PBXFileReference; fileEncoding = 4; lastKnownFileType = sourcecode.c.c; name = file.c; path = ../cups/file.c; sourceTree = "<group>"; };
		72220ED9133305BB00FCA411 /* file.h */ = {isa = PBXFileReference; fileEncoding = 4; lastKnownFileType = sourcecode.c.h; name = file.h; path = ../cups/file.h; sourceTree = "<group>"; };
		72220EDA133305BB00FCA411 /* getdevices.c */ = {isa = PBXFileReference; fileEncoding = 4; lastKnownFileType = sourcecode.c.c; name = getdevices.c; path = ../cups/getdevices.c; sourceTree = "<group>"; };
		72220EDB133305BB00FCA411 /* getifaddrs.c */ = {isa = PBXFileReference; fileEncoding = 4; lastKnownFileType = sourcecode.c.c; name = getifaddrs.c; path = ../cups/getifaddrs.c; sourceTree = "<group>"; };
		72220EDC133305BB00FCA411 /* getputfile.c */ = {isa = PBXFileReference; fileEncoding = 4; lastKnownFileType = sourcecode.c.c; name = getputfile.c; path = ../cups/getputfile.c; sourceTree = "<group>"; };
		72220EDD133305BB00FCA411 /* globals.c */ = {isa = PBXFileReference; fileEncoding = 4; lastKnownFileType = sourcecode.c.c; name = globals.c; path = ../cups/globals.c; sourceTree = "<group>"; };
		72220EDE133305BB00FCA411 /* http-addr.c */ = {isa = PBXFileReference; fileEncoding = 4; lastKnownFileType = sourcecode.c.c; name = "http-addr.c"; path = "../cups/http-addr.c"; sourceTree = "<group>"; };
		72220EDF133305BB00FCA411 /* http-addrlist.c */ = {isa = PBXFileReference; fileEncoding = 4; lastKnownFileType = sourcecode.c.c; name = "http-addrlist.c"; path = "../cups/http-addrlist.c"; sourceTree = "<group>"; };
		72220EE0133305BB00FCA411 /* http-private.h */ = {isa = PBXFileReference; fileEncoding = 4; lastKnownFileType = sourcecode.c.h; name = "http-private.h"; path = "../cups/http-private.h"; sourceTree = "<group>"; };
		72220EE1133305BB00FCA411 /* http-support.c */ = {isa = PBXFileReference; fileEncoding = 4; lastKnownFileType = sourcecode.c.c; name = "http-support.c"; path = "../cups/http-support.c"; sourceTree = "<group>"; };
		72220EE2133305BB00FCA411 /* http.c */ = {isa = PBXFileReference; fileEncoding = 4; lastKnownFileType = sourcecode.c.c; name = http.c; path = ../cups/http.c; sourceTree = "<group>"; };
		72220EE3133305BB00FCA411 /* http.h */ = {isa = PBXFileReference; fileEncoding = 4; lastKnownFileType = sourcecode.c.h; name = http.h; path = ../cups/http.h; sourceTree = "<group>"; };
		72220EE4133305BB00FCA411 /* ipp-private.h */ = {isa = PBXFileReference; fileEncoding = 4; lastKnownFileType = sourcecode.c.h; name = "ipp-private.h"; path = "../cups/ipp-private.h"; sourceTree = "<group>"; };
		72220EE5133305BB00FCA411 /* ipp-support.c */ = {isa = PBXFileReference; fileEncoding = 4; lastKnownFileType = sourcecode.c.c; name = "ipp-support.c"; path = "../cups/ipp-support.c"; sourceTree = "<group>"; };
		72220EE6133305BB00FCA411 /* ipp.c */ = {isa = PBXFileReference; fileEncoding = 4; lastKnownFileType = sourcecode.c.c; name = ipp.c; path = ../cups/ipp.c; sourceTree = "<group>"; };
		72220EE7133305BB00FCA411 /* ipp.h */ = {isa = PBXFileReference; fileEncoding = 4; lastKnownFileType = sourcecode.c.h; name = ipp.h; path = ../cups/ipp.h; sourceTree = "<group>"; };
		72220EE8133305BB00FCA411 /* langprintf.c */ = {isa = PBXFileReference; fileEncoding = 4; lastKnownFileType = sourcecode.c.c; name = langprintf.c; path = ../cups/langprintf.c; sourceTree = "<group>"; };
		72220EE9133305BB00FCA411 /* language-private.h */ = {isa = PBXFileReference; fileEncoding = 4; lastKnownFileType = sourcecode.c.h; name = "language-private.h"; path = "../cups/language-private.h"; sourceTree = "<group>"; };
		72220EEA133305BB00FCA411 /* language.c */ = {isa = PBXFileReference; fileEncoding = 4; lastKnownFileType = sourcecode.c.c; name = language.c; path = ../cups/language.c; sourceTree = "<group>"; };
		72220EEB133305BB00FCA411 /* language.h */ = {isa = PBXFileReference; fileEncoding = 4; lastKnownFileType = sourcecode.c.h; name = language.h; path = ../cups/language.h; sourceTree = "<group>"; };
		72220EEC133305BB00FCA411 /* localize.c */ = {isa = PBXFileReference; fileEncoding = 4; lastKnownFileType = sourcecode.c.c; name = localize.c; path = ../cups/localize.c; sourceTree = "<group>"; };
		72220EED133305BB00FCA411 /* mark.c */ = {isa = PBXFileReference; fileEncoding = 4; lastKnownFileType = sourcecode.c.c; name = mark.c; path = ../cups/mark.c; sourceTree = "<group>"; };
		72220EEE133305BB00FCA411 /* md5-private.h */ = {isa = PBXFileReference; fileEncoding = 4; lastKnownFileType = sourcecode.c.h; name = "md5-private.h"; path = "../cups/md5-private.h"; sourceTree = "<group>"; };
		72220EEF133305BB00FCA411 /* md5.c */ = {isa = PBXFileReference; fileEncoding = 4; lastKnownFileType = sourcecode.c.c; name = md5.c; path = ../cups/md5.c; sourceTree = "<group>"; };
		72220EF0133305BB00FCA411 /* md5passwd.c */ = {isa = PBXFileReference; fileEncoding = 4; lastKnownFileType = sourcecode.c.c; name = md5passwd.c; path = ../cups/md5passwd.c; sourceTree = "<group>"; };
		72220EF1133305BB00FCA411 /* notify.c */ = {isa = PBXFileReference; fileEncoding = 4; lastKnownFileType = sourcecode.c.c; name = notify.c; path = ../cups/notify.c; sourceTree = "<group>"; };
		72220EF2133305BB00FCA411 /* options.c */ = {isa = PBXFileReference; fileEncoding = 4; lastKnownFileType = sourcecode.c.c; name = options.c; path = ../cups/options.c; sourceTree = "<group>"; };
		72220EF3133305BB00FCA411 /* page.c */ = {isa = PBXFileReference; fileEncoding = 4; lastKnownFileType = sourcecode.c.c; name = page.c; path = ../cups/page.c; sourceTree = "<group>"; };
		72220EF4133305BB00FCA411 /* ppd-cache.c */ = {isa = PBXFileReference; fileEncoding = 4; lastKnownFileType = sourcecode.c.c; name = "ppd-cache.c"; path = "../cups/ppd-cache.c"; sourceTree = "<group>"; };
		72220EF5133305BB00FCA411 /* ppd-private.h */ = {isa = PBXFileReference; fileEncoding = 4; lastKnownFileType = sourcecode.c.h; name = "ppd-private.h"; path = "../cups/ppd-private.h"; sourceTree = "<group>"; };
		72220EF6133305BB00FCA411 /* ppd.c */ = {isa = PBXFileReference; fileEncoding = 4; lastKnownFileType = sourcecode.c.c; name = ppd.c; path = ../cups/ppd.c; sourceTree = "<group>"; };
		72220EF7133305BB00FCA411 /* ppd.h */ = {isa = PBXFileReference; fileEncoding = 4; lastKnownFileType = sourcecode.c.h; name = ppd.h; path = ../cups/ppd.h; sourceTree = "<group>"; };
		72220EF8133305BB00FCA411 /* pwg-media.c */ = {isa = PBXFileReference; fileEncoding = 4; lastKnownFileType = sourcecode.c.c; name = "pwg-media.c"; path = "../cups/pwg-media.c"; sourceTree = "<group>"; };
		72220EF9133305BB00FCA411 /* pwg-private.h */ = {isa = PBXFileReference; fileEncoding = 4; lastKnownFileType = sourcecode.c.h; name = "pwg-private.h"; path = "../cups/pwg-private.h"; sourceTree = "<group>"; };
		72220EFA133305BB00FCA411 /* raster.h */ = {isa = PBXFileReference; fileEncoding = 4; lastKnownFileType = sourcecode.c.h; name = raster.h; path = ../cups/raster.h; sourceTree = "<group>"; };
		72220EFB133305BB00FCA411 /* request.c */ = {isa = PBXFileReference; fileEncoding = 4; lastKnownFileType = sourcecode.c.c; name = request.c; path = ../cups/request.c; sourceTree = "<group>"; };
		72220EFC133305BB00FCA411 /* sidechannel.c */ = {isa = PBXFileReference; fileEncoding = 4; lastKnownFileType = sourcecode.c.c; name = sidechannel.c; path = ../cups/sidechannel.c; sourceTree = "<group>"; };
		72220EFD133305BB00FCA411 /* sidechannel.h */ = {isa = PBXFileReference; fileEncoding = 4; lastKnownFileType = sourcecode.c.h; name = sidechannel.h; path = ../cups/sidechannel.h; sourceTree = "<group>"; };
		72220EFE133305BB00FCA411 /* snmp-private.h */ = {isa = PBXFileReference; fileEncoding = 4; lastKnownFileType = sourcecode.c.h; name = "snmp-private.h"; path = "../cups/snmp-private.h"; sourceTree = "<group>"; };
		72220EFF133305BB00FCA411 /* snmp.c */ = {isa = PBXFileReference; fileEncoding = 4; lastKnownFileType = sourcecode.c.c; name = snmp.c; path = ../cups/snmp.c; sourceTree = "<group>"; };
		72220F00133305BB00FCA411 /* snprintf.c */ = {isa = PBXFileReference; fileEncoding = 4; lastKnownFileType = sourcecode.c.c; name = snprintf.c; path = ../cups/snprintf.c; sourceTree = "<group>"; };
		72220F01133305BB00FCA411 /* string-private.h */ = {isa = PBXFileReference; fileEncoding = 4; lastKnownFileType = sourcecode.c.h; name = "string-private.h"; path = "../cups/string-private.h"; sourceTree = "<group>"; };
		72220F02133305BB00FCA411 /* string.c */ = {isa = PBXFileReference; fileEncoding = 4; lastKnownFileType = sourcecode.c.c; name = string.c; path = ../cups/string.c; sourceTree = "<group>"; };
		72220F03133305BB00FCA411 /* tempfile.c */ = {isa = PBXFileReference; fileEncoding = 4; lastKnownFileType = sourcecode.c.c; name = tempfile.c; path = ../cups/tempfile.c; sourceTree = "<group>"; };
		72220F04133305BB00FCA411 /* thread-private.h */ = {isa = PBXFileReference; fileEncoding = 4; lastKnownFileType = sourcecode.c.h; name = "thread-private.h"; path = "../cups/thread-private.h"; sourceTree = "<group>"; };
		72220F05133305BB00FCA411 /* thread.c */ = {isa = PBXFileReference; fileEncoding = 4; lastKnownFileType = sourcecode.c.c; name = thread.c; path = ../cups/thread.c; sourceTree = "<group>"; };
		72220F06133305BB00FCA411 /* transcode.c */ = {isa = PBXFileReference; fileEncoding = 4; lastKnownFileType = sourcecode.c.c; name = transcode.c; path = ../cups/transcode.c; sourceTree = "<group>"; };
		72220F07133305BB00FCA411 /* transcode.h */ = {isa = PBXFileReference; fileEncoding = 4; lastKnownFileType = sourcecode.c.h; name = transcode.h; path = ../cups/transcode.h; sourceTree = "<group>"; };
		72220F08133305BB00FCA411 /* usersys.c */ = {isa = PBXFileReference; fileEncoding = 4; lastKnownFileType = sourcecode.c.c; name = usersys.c; path = ../cups/usersys.c; sourceTree = "<group>"; };
		72220F09133305BB00FCA411 /* util.c */ = {isa = PBXFileReference; fileEncoding = 4; lastKnownFileType = sourcecode.c.c; name = util.c; path = ../cups/util.c; sourceTree = "<group>"; };
		72220F0A133305BB00FCA411 /* versioning.h */ = {isa = PBXFileReference; fileEncoding = 4; lastKnownFileType = sourcecode.c.h; name = versioning.h; path = ../cups/versioning.h; sourceTree = "<group>"; };
		72220F471333063D00FCA411 /* config.h */ = {isa = PBXFileReference; fileEncoding = 4; lastKnownFileType = sourcecode.c.h; path = config.h; sourceTree = "<group>"; };
		72220F49133306BB00FCA411 /* CoreFoundation.framework */ = {isa = PBXFileReference; lastKnownFileType = wrapper.framework; name = CoreFoundation.framework; path = SDKs/MacOSX10.7.sdk/System/Library/Frameworks/CoreFoundation.framework; sourceTree = DEVELOPER_DIR; };
		72220F4A133306BB00FCA411 /* libz.dylib */ = {isa = PBXFileReference; lastKnownFileType = "compiled.mach-o.dylib"; name = libz.dylib; path = SDKs/MacOSX10.7.sdk/usr/lib/libz.dylib; sourceTree = DEVELOPER_DIR; };
		72220F4B133306BB00FCA411 /* Security.framework */ = {isa = PBXFileReference; lastKnownFileType = wrapper.framework; name = Security.framework; path = SDKs/MacOSX10.7.sdk/System/Library/Frameworks/Security.framework; sourceTree = DEVELOPER_DIR; };
		72220F4C133306BB00FCA411 /* SystemConfiguration.framework */ = {isa = PBXFileReference; lastKnownFileType = wrapper.framework; name = SystemConfiguration.framework; path = SDKs/MacOSX10.7.sdk/System/Library/Frameworks/SystemConfiguration.framework; sourceTree = DEVELOPER_DIR; };
		72220F51133308C100FCA411 /* libiconv.dylib */ = {isa = PBXFileReference; lastKnownFileType = "compiled.mach-o.dylib"; name = libiconv.dylib; path = SDKs/MacOSX10.7.sdk/usr/lib/libiconv.dylib; sourceTree = DEVELOPER_DIR; };
		72220F53133308CB00FCA411 /* libresolv.dylib */ = {isa = PBXFileReference; lastKnownFileType = "compiled.mach-o.dylib"; name = libresolv.dylib; path = SDKs/MacOSX10.7.sdk/usr/lib/libresolv.dylib; sourceTree = DEVELOPER_DIR; };
		72220F55133308EA00FCA411 /* Kerberos.framework */ = {isa = PBXFileReference; lastKnownFileType = wrapper.framework; name = Kerberos.framework; path = SDKs/MacOSX10.7.sdk/System/Library/Frameworks/Kerberos.framework; sourceTree = DEVELOPER_DIR; };
		72220F5B13330A5A00FCA411 /* . */ = {isa = PBXFileReference; explicitFileType = "compiled.mach-o.executable"; includeInIndex = 0; name = .; path = cupsd; sourceTree = BUILT_PRODUCTS_DIR; };
		72220F6713330A8500FCA411 /* ApplicationServices.framework */ = {isa = PBXFileReference; lastKnownFileType = wrapper.framework; name = ApplicationServices.framework; path = SDKs/MacOSX10.7.sdk/System/Library/Frameworks/ApplicationServices.framework; sourceTree = DEVELOPER_DIR; };
		72220F6913330B0C00FCA411 /* auth.c */ = {isa = PBXFileReference; fileEncoding = 4; lastKnownFileType = sourcecode.c.c; name = auth.c; path = ../scheduler/auth.c; sourceTree = "<group>"; };
		72220F6A13330B0C00FCA411 /* auth.h */ = {isa = PBXFileReference; fileEncoding = 4; lastKnownFileType = sourcecode.c.h; name = auth.h; path = ../scheduler/auth.h; sourceTree = "<group>"; };
		72220F6B13330B0C00FCA411 /* banners.c */ = {isa = PBXFileReference; fileEncoding = 4; lastKnownFileType = sourcecode.c.c; name = banners.c; path = ../scheduler/banners.c; sourceTree = "<group>"; };
		72220F6C13330B0C00FCA411 /* banners.h */ = {isa = PBXFileReference; fileEncoding = 4; lastKnownFileType = sourcecode.c.h; name = banners.h; path = ../scheduler/banners.h; sourceTree = "<group>"; };
		72220F6D13330B0C00FCA411 /* cert.c */ = {isa = PBXFileReference; fileEncoding = 4; lastKnownFileType = sourcecode.c.c; name = cert.c; path = ../scheduler/cert.c; sourceTree = "<group>"; };
		72220F6E13330B0C00FCA411 /* cert.h */ = {isa = PBXFileReference; fileEncoding = 4; lastKnownFileType = sourcecode.c.h; name = cert.h; path = ../scheduler/cert.h; sourceTree = "<group>"; };
		72220F6F13330B0C00FCA411 /* classes.c */ = {isa = PBXFileReference; fileEncoding = 4; lastKnownFileType = sourcecode.c.c; name = classes.c; path = ../scheduler/classes.c; sourceTree = "<group>"; };
		72220F7013330B0C00FCA411 /* classes.h */ = {isa = PBXFileReference; fileEncoding = 4; lastKnownFileType = sourcecode.c.h; name = classes.h; path = ../scheduler/classes.h; sourceTree = "<group>"; };
		72220F7113330B0C00FCA411 /* client.c */ = {isa = PBXFileReference; fileEncoding = 4; lastKnownFileType = sourcecode.c.c; name = client.c; path = ../scheduler/client.c; sourceTree = "<group>"; };
		72220F7213330B0C00FCA411 /* client.h */ = {isa = PBXFileReference; fileEncoding = 4; lastKnownFileType = sourcecode.c.h; name = client.h; path = ../scheduler/client.h; sourceTree = "<group>"; };
		72220F7313330B0C00FCA411 /* conf.c */ = {isa = PBXFileReference; fileEncoding = 4; lastKnownFileType = sourcecode.c.c; name = conf.c; path = ../scheduler/conf.c; sourceTree = "<group>"; };
		72220F7413330B0C00FCA411 /* conf.h */ = {isa = PBXFileReference; fileEncoding = 4; lastKnownFileType = sourcecode.c.h; name = conf.h; path = ../scheduler/conf.h; sourceTree = "<group>"; };
		72220F7513330B0C00FCA411 /* cupsd.h */ = {isa = PBXFileReference; fileEncoding = 4; lastKnownFileType = sourcecode.c.h; name = cupsd.h; path = ../scheduler/cupsd.h; sourceTree = "<group>"; };
		72220F7613330B0C00FCA411 /* dirsvc.c */ = {isa = PBXFileReference; fileEncoding = 4; lastKnownFileType = sourcecode.c.c; name = dirsvc.c; path = ../scheduler/dirsvc.c; sourceTree = "<group>"; };
		72220F7713330B0C00FCA411 /* dirsvc.h */ = {isa = PBXFileReference; fileEncoding = 4; lastKnownFileType = sourcecode.c.h; name = dirsvc.h; path = ../scheduler/dirsvc.h; sourceTree = "<group>"; };
		72220F7813330B0C00FCA411 /* env.c */ = {isa = PBXFileReference; fileEncoding = 4; lastKnownFileType = sourcecode.c.c; name = env.c; path = ../scheduler/env.c; sourceTree = "<group>"; };
		72220F7913330B0C00FCA411 /* ipp.c */ = {isa = PBXFileReference; fileEncoding = 4; lastKnownFileType = sourcecode.c.c; name = ipp.c; path = ../scheduler/ipp.c; sourceTree = "<group>"; };
		72220F7A13330B0C00FCA411 /* job.c */ = {isa = PBXFileReference; fileEncoding = 4; lastKnownFileType = sourcecode.c.c; name = job.c; path = ../scheduler/job.c; sourceTree = "<group>"; };
		72220F7B13330B0C00FCA411 /* job.h */ = {isa = PBXFileReference; fileEncoding = 4; lastKnownFileType = sourcecode.c.h; name = job.h; path = ../scheduler/job.h; sourceTree = "<group>"; };
		72220F7C13330B0C00FCA411 /* listen.c */ = {isa = PBXFileReference; fileEncoding = 4; lastKnownFileType = sourcecode.c.c; name = listen.c; path = ../scheduler/listen.c; sourceTree = "<group>"; };
		72220F7D13330B0C00FCA411 /* log.c */ = {isa = PBXFileReference; fileEncoding = 4; lastKnownFileType = sourcecode.c.c; name = log.c; path = ../scheduler/log.c; sourceTree = "<group>"; };
		72220F7E13330B0C00FCA411 /* main.c */ = {isa = PBXFileReference; fileEncoding = 4; lastKnownFileType = sourcecode.c.c; name = main.c; path = ../scheduler/main.c; sourceTree = "<group>"; };
		72220F7F13330B0C00FCA411 /* network.c */ = {isa = PBXFileReference; fileEncoding = 4; lastKnownFileType = sourcecode.c.c; name = network.c; path = ../scheduler/network.c; sourceTree = "<group>"; };
		72220F8013330B0C00FCA411 /* network.h */ = {isa = PBXFileReference; fileEncoding = 4; lastKnownFileType = sourcecode.c.h; name = network.h; path = ../scheduler/network.h; sourceTree = "<group>"; };
		72220F8113330B0C00FCA411 /* policy.c */ = {isa = PBXFileReference; fileEncoding = 4; lastKnownFileType = sourcecode.c.c; name = policy.c; path = ../scheduler/policy.c; sourceTree = "<group>"; };
		72220F8213330B0C00FCA411 /* policy.h */ = {isa = PBXFileReference; fileEncoding = 4; lastKnownFileType = sourcecode.c.h; name = policy.h; path = ../scheduler/policy.h; sourceTree = "<group>"; };
		72220F8313330B0C00FCA411 /* printers.c */ = {isa = PBXFileReference; fileEncoding = 4; lastKnownFileType = sourcecode.c.c; name = printers.c; path = ../scheduler/printers.c; sourceTree = "<group>"; };
		72220F8413330B0C00FCA411 /* printers.h */ = {isa = PBXFileReference; fileEncoding = 4; lastKnownFileType = sourcecode.c.h; name = printers.h; path = ../scheduler/printers.h; sourceTree = "<group>"; };
		72220F8513330B0C00FCA411 /* process.c */ = {isa = PBXFileReference; fileEncoding = 4; lastKnownFileType = sourcecode.c.c; name = process.c; path = ../scheduler/process.c; sourceTree = "<group>"; };
		72220F8613330B0C00FCA411 /* quotas.c */ = {isa = PBXFileReference; fileEncoding = 4; lastKnownFileType = sourcecode.c.c; name = quotas.c; path = ../scheduler/quotas.c; sourceTree = "<group>"; };
		72220F8713330B0C00FCA411 /* removefile.c */ = {isa = PBXFileReference; fileEncoding = 4; lastKnownFileType = sourcecode.c.c; name = removefile.c; path = ../scheduler/removefile.c; sourceTree = "<group>"; };
		72220F8813330B0C00FCA411 /* select.c */ = {isa = PBXFileReference; fileEncoding = 4; lastKnownFileType = sourcecode.c.c; name = select.c; path = ../scheduler/select.c; sourceTree = "<group>"; };
		72220F8913330B0C00FCA411 /* server.c */ = {isa = PBXFileReference; fileEncoding = 4; lastKnownFileType = sourcecode.c.c; name = server.c; path = ../scheduler/server.c; sourceTree = "<group>"; };
		72220F8A13330B0C00FCA411 /* statbuf.c */ = {isa = PBXFileReference; fileEncoding = 4; lastKnownFileType = sourcecode.c.c; name = statbuf.c; path = ../scheduler/statbuf.c; sourceTree = "<group>"; };
		72220F8B13330B0C00FCA411 /* statbuf.h */ = {isa = PBXFileReference; fileEncoding = 4; lastKnownFileType = sourcecode.c.h; name = statbuf.h; path = ../scheduler/statbuf.h; sourceTree = "<group>"; };
		72220F8C13330B0C00FCA411 /* subscriptions.c */ = {isa = PBXFileReference; fileEncoding = 4; lastKnownFileType = sourcecode.c.c; name = subscriptions.c; path = ../scheduler/subscriptions.c; sourceTree = "<group>"; };
		72220F8D13330B0C00FCA411 /* subscriptions.h */ = {isa = PBXFileReference; fileEncoding = 4; lastKnownFileType = sourcecode.c.h; name = subscriptions.h; path = ../scheduler/subscriptions.h; sourceTree = "<group>"; };
		72220F8E13330B0C00FCA411 /* sysman.c */ = {isa = PBXFileReference; fileEncoding = 4; lastKnownFileType = sourcecode.c.c; name = sysman.c; path = ../scheduler/sysman.c; sourceTree = "<group>"; };
		72220F8F13330B0C00FCA411 /* sysman.h */ = {isa = PBXFileReference; fileEncoding = 4; lastKnownFileType = sourcecode.c.h; name = sysman.h; path = ../scheduler/sysman.h; sourceTree = "<group>"; };
		72220FAC13330B2200FCA411 /* libcupsmime.dylib */ = {isa = PBXFileReference; explicitFileType = "compiled.mach-o.dylib"; includeInIndex = 0; path = libcupsmime.dylib; sourceTree = BUILT_PRODUCTS_DIR; };
		72220FB213330BCE00FCA411 /* filter.c */ = {isa = PBXFileReference; fileEncoding = 4; lastKnownFileType = sourcecode.c.c; name = filter.c; path = ../scheduler/filter.c; sourceTree = "<group>"; };
		72220FB313330BCE00FCA411 /* mime.c */ = {isa = PBXFileReference; fileEncoding = 4; lastKnownFileType = sourcecode.c.c; name = mime.c; path = ../scheduler/mime.c; sourceTree = "<group>"; };
		72220FB413330BCE00FCA411 /* mime.h */ = {isa = PBXFileReference; fileEncoding = 4; lastKnownFileType = sourcecode.c.h; name = mime.h; path = ../scheduler/mime.h; sourceTree = "<group>"; };
		72220FB513330BCE00FCA411 /* type.c */ = {isa = PBXFileReference; fileEncoding = 4; lastKnownFileType = sourcecode.c.c; name = type.c; path = ../scheduler/type.c; sourceTree = "<group>"; };
		7263EE2613330D2800BA4D44 /* libpam.dylib */ = {isa = PBXFileReference; lastKnownFileType = "compiled.mach-o.dylib"; name = libpam.dylib; path = SDKs/MacOSX10.7.sdk/usr/lib/libpam.dylib; sourceTree = DEVELOPER_DIR; };
		7263EE2913330D5C00BA4D44 /* Kerberos.framework */ = {isa = PBXFileReference; lastKnownFileType = wrapper.framework; name = Kerberos.framework; path = SDKs/MacOSX10.7.sdk/System/Library/Frameworks/Kerberos.framework; sourceTree = DEVELOPER_DIR; };
		7263EE2A13330D5C00BA4D44 /* Security.framework */ = {isa = PBXFileReference; lastKnownFileType = wrapper.framework; name = Security.framework; path = SDKs/MacOSX10.7.sdk/System/Library/Frameworks/Security.framework; sourceTree = DEVELOPER_DIR; };
		7263EE2B13330D5C00BA4D44 /* SystemConfiguration.framework */ = {isa = PBXFileReference; lastKnownFileType = wrapper.framework; name = SystemConfiguration.framework; path = SDKs/MacOSX10.7.sdk/System/Library/Frameworks/SystemConfiguration.framework; sourceTree = DEVELOPER_DIR; };
		7263EE2F13330DC100BA4D44 /* IOKit.framework */ = {isa = PBXFileReference; lastKnownFileType = wrapper.framework; name = IOKit.framework; path = SDKs/MacOSX10.7.sdk/System/Library/Frameworks/IOKit.framework; sourceTree = DEVELOPER_DIR; };
		7263EE3113330E1E00BA4D44 /* libpthread.dylib */ = {isa = PBXFileReference; lastKnownFileType = "compiled.mach-o.dylib"; name = libpthread.dylib; path = SDKs/MacOSX10.7.sdk/usr/lib/libpthread.dylib; sourceTree = DEVELOPER_DIR; };
		7263EE3313330E3C00BA4D44 /* libresolv.dylib */ = {isa = PBXFileReference; lastKnownFileType = "compiled.mach-o.dylib"; name = libresolv.dylib; path = SDKs/MacOSX10.7.sdk/usr/lib/libresolv.dylib; sourceTree = DEVELOPER_DIR; };
		7263EE3513330E4E00BA4D44 /* CoreFoundation.framework */ = {isa = PBXFileReference; lastKnownFileType = wrapper.framework; name = CoreFoundation.framework; path = SDKs/MacOSX10.7.sdk/System/Library/Frameworks/CoreFoundation.framework; sourceTree = DEVELOPER_DIR; };
		7263EE3713330E7500BA4D44 /* libz.dylib */ = {isa = PBXFileReference; lastKnownFileType = "compiled.mach-o.dylib"; name = libz.dylib; path = SDKs/MacOSX10.7.sdk/usr/lib/libz.dylib; sourceTree = DEVELOPER_DIR; };
		7263EE3913330EC500BA4D44 /* libldap.dylib */ = {isa = PBXFileReference; lastKnownFileType = "compiled.mach-o.dylib"; name = libldap.dylib; path = SDKs/MacOSX10.7.sdk/usr/lib/libldap.dylib; sourceTree = DEVELOPER_DIR; };
/* End PBXFileReference section */

/* Begin PBXFrameworksBuildPhase section */
		72220EAB1333047D00FCA411 /* Frameworks */ = {
			isa = PBXFrameworksBuildPhase;
			buildActionMask = 2147483647;
			files = (
				72220F4D133306BB00FCA411 /* CoreFoundation.framework in Frameworks */,
				72220F56133308EA00FCA411 /* Kerberos.framework in Frameworks */,
				72220F4F133306BB00FCA411 /* Security.framework in Frameworks */,
				72220F50133306BB00FCA411 /* SystemConfiguration.framework in Frameworks */,
				72220F52133308C100FCA411 /* libiconv.dylib in Frameworks */,
				72220F54133308CB00FCA411 /* libresolv.dylib in Frameworks */,
				72220F4E133306BB00FCA411 /* libz.dylib in Frameworks */,
			);
			runOnlyForDeploymentPostprocessing = 0;
		};
		72220F5813330A5A00FCA411 /* Frameworks */ = {
			isa = PBXFrameworksBuildPhase;
			buildActionMask = 2147483647;
			files = (
				72220F6813330A8500FCA411 /* ApplicationServices.framework in Frameworks */,
				7263EE3613330E4E00BA4D44 /* CoreFoundation.framework in Frameworks */,
				7263EE3013330DC100BA4D44 /* IOKit.framework in Frameworks */,
				7263EE2C13330D5C00BA4D44 /* Kerberos.framework in Frameworks */,
				7263EE2D13330D5C00BA4D44 /* Security.framework in Frameworks */,
				7263EE2E13330D5C00BA4D44 /* SystemConfiguration.framework in Frameworks */,
				72220F6613330A7000FCA411 /* libcups.dylib in Frameworks */,
				72220FBF13330C1000FCA411 /* libcupsmime.dylib in Frameworks */,
				7263EE3A13330EC500BA4D44 /* libldap.dylib in Frameworks */,
				7263EE2713330D2800BA4D44 /* libpam.dylib in Frameworks */,
				7263EE3213330E1E00BA4D44 /* libpthread.dylib in Frameworks */,
				7263EE3413330E3C00BA4D44 /* libresolv.dylib in Frameworks */,
				7263EE3813330E7500BA4D44 /* libz.dylib in Frameworks */,
			);
			runOnlyForDeploymentPostprocessing = 0;
		};
		72220FA913330B2200FCA411 /* Frameworks */ = {
			isa = PBXFrameworksBuildPhase;
			buildActionMask = 2147483647;
			files = (
				72220FBA13330BEE00FCA411 /* libcups.dylib in Frameworks */,
			);
			runOnlyForDeploymentPostprocessing = 0;
		};
/* End PBXFrameworksBuildPhase section */

/* Begin PBXGroup section */
		72220EAF1333047D00FCA411 /* Products */ = {
			isa = PBXGroup;
			children = (
				72220F5B13330A5A00FCA411 /* . */,
			);
			name = Products;
			sourceTree = "<group>";
		};
		72220EB41333050100FCA411 /* libcups */ = {
			isa = PBXGroup;
			children = (
				72220EB51333052D00FCA411 /* adminutil.c */,
				72220EB81333056300FCA411 /* array.c */,
				72220EBA1333056300FCA411 /* attr.c */,
				72220EBB1333056300FCA411 /* auth.c */,
				72220EBC1333056300FCA411 /* backchannel.c */,
				72220EBD1333056300FCA411 /* backend.c */,
				72220EBF1333056300FCA411 /* conflicts.c */,
				72220EC21333056300FCA411 /* custom.c */,
				72220ED1133305BB00FCA411 /* debug.c */,
				72220ED2133305BB00FCA411 /* dest.c */,
				72220ED3133305BB00FCA411 /* dir.c */,
				72220ED4133305BB00FCA411 /* dir.h */,
				72220ED5133305BB00FCA411 /* emit.c */,
				72220ED6133305BB00FCA411 /* encode.c */,
				72220ED8133305BB00FCA411 /* file.c */,
				72220EDA133305BB00FCA411 /* getdevices.c */,
				72220EDB133305BB00FCA411 /* getifaddrs.c */,
				72220EDC133305BB00FCA411 /* getputfile.c */,
				72220EDD133305BB00FCA411 /* globals.c */,
				72220EDE133305BB00FCA411 /* http-addr.c */,
				72220EDF133305BB00FCA411 /* http-addrlist.c */,
				72220EE1133305BB00FCA411 /* http-support.c */,
				72220EE2133305BB00FCA411 /* http.c */,
				72220EE5133305BB00FCA411 /* ipp-support.c */,
				72220EE6133305BB00FCA411 /* ipp.c */,
				72220EE8133305BB00FCA411 /* langprintf.c */,
				72220EEA133305BB00FCA411 /* language.c */,
				72220EEC133305BB00FCA411 /* localize.c */,
				72220EED133305BB00FCA411 /* mark.c */,
				72220EEF133305BB00FCA411 /* md5.c */,
				72220EF0133305BB00FCA411 /* md5passwd.c */,
				72220EF1133305BB00FCA411 /* notify.c */,
				72220EF2133305BB00FCA411 /* options.c */,
				72220EF3133305BB00FCA411 /* page.c */,
				72220EF4133305BB00FCA411 /* ppd-cache.c */,
				72220EF6133305BB00FCA411 /* ppd.c */,
				72220EF8133305BB00FCA411 /* pwg-media.c */,
				72220EFB133305BB00FCA411 /* request.c */,
				72220EFC133305BB00FCA411 /* sidechannel.c */,
				72220EFF133305BB00FCA411 /* snmp.c */,
				72220F00133305BB00FCA411 /* snprintf.c */,
				72220F02133305BB00FCA411 /* string.c */,
				72220F03133305BB00FCA411 /* tempfile.c */,
				72220F05133305BB00FCA411 /* thread.c */,
				72220F06133305BB00FCA411 /* transcode.c */,
				72220F08133305BB00FCA411 /* usersys.c */,
				72220F09133305BB00FCA411 /* util.c */,
			);
			name = libcups;
			sourceTree = "<group>";
		};
		72220F45133305D000FCA411 /* Public Headers */ = {
			isa = PBXGroup;
			children = (
				72220EB71333056300FCA411 /* adminutil.h */,
				72220EB91333056300FCA411 /* array.h */,
				72220EBE1333056300FCA411 /* backend.h */,
				72220EC11333056300FCA411 /* cups.h */,
				72220ED9133305BB00FCA411 /* file.h */,
				72220EE3133305BB00FCA411 /* http.h */,
				72220EE7133305BB00FCA411 /* ipp.h */,
				72220EEB133305BB00FCA411 /* language.h */,
				72220FB413330BCE00FCA411 /* mime.h */,
				72220EF7133305BB00FCA411 /* ppd.h */,
				72220EFA133305BB00FCA411 /* raster.h */,
				72220EFD133305BB00FCA411 /* sidechannel.h */,
				72220F07133305BB00FCA411 /* transcode.h */,
				72220F0A133305BB00FCA411 /* versioning.h */,
			);
			name = "Public Headers";
			sourceTree = "<group>";
		};
		72220F461333060C00FCA411 /* Private Headers */ = {
			isa = PBXGroup;
			children = (
				72220F471333063D00FCA411 /* config.h */,
				72220EC01333056300FCA411 /* cups-private.h */,
				72220EC31333056300FCA411 /* debug-private.h */,
				72220ED7133305BB00FCA411 /* file-private.h */,
				72220EE0133305BB00FCA411 /* http-private.h */,
				72220EE4133305BB00FCA411 /* ipp-private.h */,
				72220EE9133305BB00FCA411 /* language-private.h */,
				72220EEE133305BB00FCA411 /* md5-private.h */,
				72220EF5133305BB00FCA411 /* ppd-private.h */,
				72220EF9133305BB00FCA411 /* pwg-private.h */,
				72220EFE133305BB00FCA411 /* snmp-private.h */,
				72220F01133305BB00FCA411 /* string-private.h */,
				72220F04133305BB00FCA411 /* thread-private.h */,
			);
			name = "Private Headers";
			sourceTree = "<group>";
		};
		72220F5D13330A5A00FCA411 /* . */ = {
			isa = PBXGroup;
			children = (
				72220F6913330B0C00FCA411 /* auth.c */,
				72220F6A13330B0C00FCA411 /* auth.h */,
				72220F6B13330B0C00FCA411 /* banners.c */,
				72220F6C13330B0C00FCA411 /* banners.h */,
				72220F6D13330B0C00FCA411 /* cert.c */,
				72220F6E13330B0C00FCA411 /* cert.h */,
				72220F6F13330B0C00FCA411 /* classes.c */,
				72220F7013330B0C00FCA411 /* classes.h */,
				72220F7113330B0C00FCA411 /* client.c */,
				72220F7213330B0C00FCA411 /* client.h */,
				72220F7313330B0C00FCA411 /* conf.c */,
				72220F7413330B0C00FCA411 /* conf.h */,
				72220F7513330B0C00FCA411 /* cupsd.h */,
				72220F7613330B0C00FCA411 /* dirsvc.c */,
				72220F7713330B0C00FCA411 /* dirsvc.h */,
				72220F7813330B0C00FCA411 /* env.c */,
				72220F7913330B0C00FCA411 /* ipp.c */,
				72220F7A13330B0C00FCA411 /* job.c */,
				72220F7B13330B0C00FCA411 /* job.h */,
				72220F7C13330B0C00FCA411 /* listen.c */,
				72220F7D13330B0C00FCA411 /* log.c */,
				72220F7E13330B0C00FCA411 /* main.c */,
				72220F7F13330B0C00FCA411 /* network.c */,
				72220F8013330B0C00FCA411 /* network.h */,
				72220F8113330B0C00FCA411 /* policy.c */,
				72220F8213330B0C00FCA411 /* policy.h */,
				72220F8313330B0C00FCA411 /* printers.c */,
				72220F8413330B0C00FCA411 /* printers.h */,
				72220F8513330B0C00FCA411 /* process.c */,
				72220F8613330B0C00FCA411 /* quotas.c */,
				72220F8713330B0C00FCA411 /* removefile.c */,
				72220F8813330B0C00FCA411 /* select.c */,
				72220F8913330B0C00FCA411 /* server.c */,
				72220F8A13330B0C00FCA411 /* statbuf.c */,
				72220F8B13330B0C00FCA411 /* statbuf.h */,
				72220F8C13330B0C00FCA411 /* subscriptions.c */,
				72220F8D13330B0C00FCA411 /* subscriptions.h */,
				72220F8E13330B0C00FCA411 /* sysman.c */,
				72220F8F13330B0C00FCA411 /* sysman.h */,
			);
			path = .;
			sourceTree = "<group>";
		};
		72220FB013330B3400FCA411 /* libcupsmime */ = {
			isa = PBXGroup;
			children = (
				72220FB213330BCE00FCA411 /* filter.c */,
				72220FB313330BCE00FCA411 /* mime.c */,
				72220FB513330BCE00FCA411 /* type.c */,
			);
			name = libcupsmime;
			sourceTree = "<group>";
		};
		72220FB113330B4A00FCA411 /* Frameworks */ = {
			isa = PBXGroup;
			children = (
				72220F6713330A8500FCA411 /* ApplicationServices.framework */,
				72220F49133306BB00FCA411 /* CoreFoundation.framework */,
				72220F55133308EA00FCA411 /* Kerberos.framework */,
				72220F4B133306BB00FCA411 /* Security.framework */,
				72220F4C133306BB00FCA411 /* SystemConfiguration.framework */,
				72220F51133308C100FCA411 /* libiconv.dylib */,
				72220F53133308CB00FCA411 /* libresolv.dylib */,
				72220F4A133306BB00FCA411 /* libz.dylib */,
			);
			name = Frameworks;
			sourceTree = "<group>";
		};
		72BF96351333042100B1EAD7 = {
			isa = PBXGroup;
			children = (
				7263EE3913330EC500BA4D44 /* libldap.dylib */,
				7263EE3713330E7500BA4D44 /* libz.dylib */,
				7263EE3513330E4E00BA4D44 /* CoreFoundation.framework */,
				7263EE3313330E3C00BA4D44 /* libresolv.dylib */,
				7263EE3113330E1E00BA4D44 /* libpthread.dylib */,
				7263EE2F13330DC100BA4D44 /* IOKit.framework */,
				7263EE2913330D5C00BA4D44 /* Kerberos.framework */,
				7263EE2A13330D5C00BA4D44 /* Security.framework */,
				7263EE2B13330D5C00BA4D44 /* SystemConfiguration.framework */,
				7263EE2613330D2800BA4D44 /* libpam.dylib */,
				72220FAC13330B2200FCA411 /* libcupsmime.dylib */,
				72220EAE1333047D00FCA411 /* libcups.dylib */,
				72220FB113330B4A00FCA411 /* Frameworks */,
				72220F45133305D000FCA411 /* Public Headers */,
				72220F461333060C00FCA411 /* Private Headers */,
				72220EB41333050100FCA411 /* libcups */,
				72220FB013330B3400FCA411 /* libcupsmime */,
				72220F5D13330A5A00FCA411 /* . */,
				72220EAF1333047D00FCA411 /* Products */,
			);
			sourceTree = "<group>";
		};
/* End PBXGroup section */

/* Begin PBXHeadersBuildPhase section */
		72220EAC1333047D00FCA411 /* Headers */ = {
			isa = PBXHeadersBuildPhase;
			buildActionMask = 2147483647;
			files = (
				72220EC41333056300FCA411 /* adminutil.h in Headers */,
				72220EC61333056300FCA411 /* array.h in Headers */,
				72220ECB1333056300FCA411 /* backend.h in Headers */,
				72220ECE1333056300FCA411 /* cups.h in Headers */,
				72220F0E133305BB00FCA411 /* dir.h in Headers */,
				72220F13133305BB00FCA411 /* file.h in Headers */,
				72220F1D133305BB00FCA411 /* http.h in Headers */,
				72220F21133305BB00FCA411 /* ipp.h in Headers */,
				72220F25133305BB00FCA411 /* language.h in Headers */,
				72220F31133305BB00FCA411 /* ppd.h in Headers */,
				72220F34133305BB00FCA411 /* raster.h in Headers */,
				72220F37133305BB00FCA411 /* sidechannel.h in Headers */,
				72220F41133305BB00FCA411 /* transcode.h in Headers */,
				72220F44133305BB00FCA411 /* versioning.h in Headers */,
				72220ECD1333056300FCA411 /* cups-private.h in Headers */,
				72220ED01333056300FCA411 /* debug-private.h in Headers */,
				72220F11133305BB00FCA411 /* file-private.h in Headers */,
				72220F1A133305BB00FCA411 /* http-private.h in Headers */,
				72220F1E133305BB00FCA411 /* ipp-private.h in Headers */,
				72220F23133305BB00FCA411 /* language-private.h in Headers */,
				72220F28133305BB00FCA411 /* md5-private.h in Headers */,
				72220F2F133305BB00FCA411 /* ppd-private.h in Headers */,
				72220F33133305BB00FCA411 /* pwg-private.h in Headers */,
				72220F38133305BB00FCA411 /* snmp-private.h in Headers */,
				72220F3B133305BB00FCA411 /* string-private.h in Headers */,
				72220F3E133305BB00FCA411 /* thread-private.h in Headers */,
				72220F481333063D00FCA411 /* config.h in Headers */,
			);
			runOnlyForDeploymentPostprocessing = 0;
		};
		72220FAA13330B2200FCA411 /* Headers */ = {
			isa = PBXHeadersBuildPhase;
			buildActionMask = 2147483647;
			files = (
				72220FB813330BCE00FCA411 /* mime.h in Headers */,
			);
			runOnlyForDeploymentPostprocessing = 0;
		};
/* End PBXHeadersBuildPhase section */

/* Begin PBXNativeTarget section */
		72220EAD1333047D00FCA411 /* libcups */ = {
			isa = PBXNativeTarget;
			buildConfigurationList = 72220EB21333047D00FCA411 /* Build configuration list for PBXNativeTarget "libcups" */;
			buildPhases = (
				72220EAA1333047D00FCA411 /* Sources */,
				72220EAB1333047D00FCA411 /* Frameworks */,
				72220EAC1333047D00FCA411 /* Headers */,
			);
			buildRules = (
			);
			dependencies = (
			);
			name = libcups;
			productName = libcups;
			productReference = 72220EAE1333047D00FCA411 /* libcups.dylib */;
			productType = "com.apple.product-type.library.dynamic";
		};
		72220F5A13330A5A00FCA411 /* cupsd */ = {
			isa = PBXNativeTarget;
			buildConfigurationList = 72220F6113330A5A00FCA411 /* Build configuration list for PBXNativeTarget "cupsd" */;
			buildPhases = (
				72220F5713330A5A00FCA411 /* Sources */,
				72220F5813330A5A00FCA411 /* Frameworks */,
				72220F5913330A5A00FCA411 /* CopyFiles */,
			);
			buildRules = (
			);
			dependencies = (
				72220FBE13330C0B00FCA411 /* PBXTargetDependency */,
				72220F6513330A6500FCA411 /* PBXTargetDependency */,
			);
			name = cupsd;
			productName = cupsd;
			productReference = 72220F5B13330A5A00FCA411 /* . */;
			productType = "com.apple.product-type.tool";
		};
		72220FAB13330B2200FCA411 /* libcupsmime */ = {
			isa = PBXNativeTarget;
			buildConfigurationList = 72220FAD13330B2300FCA411 /* Build configuration list for PBXNativeTarget "libcupsmime" */;
			buildPhases = (
				72220FA813330B2200FCA411 /* Sources */,
				72220FA913330B2200FCA411 /* Frameworks */,
				72220FAA13330B2200FCA411 /* Headers */,
			);
			buildRules = (
			);
			dependencies = (
				72220FBC13330C0500FCA411 /* PBXTargetDependency */,
			);
			name = libcupsmime;
			productName = libcupsmime;
			productReference = 72220FAC13330B2200FCA411 /* libcupsmime.dylib */;
			productType = "com.apple.product-type.library.dynamic";
		};
/* End PBXNativeTarget section */

/* Begin PBXProject section */
		72BF96371333042100B1EAD7 /* Project object */ = {
			isa = PBXProject;
			attributes = {
				ORGANIZATIONNAME = "Apple Inc.";
			};
			buildConfigurationList = 72BF963A1333042100B1EAD7 /* Build configuration list for PBXProject "CUPS" */;
			compatibilityVersion = "Xcode 3.2";
			developmentRegion = English;
			hasScannedForEncodings = 0;
			knownRegions = (
				en,
			);
			mainGroup = 72BF96351333042100B1EAD7;
			productRefGroup = 72220EAF1333047D00FCA411 /* Products */;
			projectDirPath = "";
			projectRoot = "";
			targets = (
				72220EAD1333047D00FCA411 /* libcups */,
				72220FAB13330B2200FCA411 /* libcupsmime */,
				72220F5A13330A5A00FCA411 /* cupsd */,
			);
		};
/* End PBXProject section */

/* Begin PBXSourcesBuildPhase section */
		72220EAA1333047D00FCA411 /* Sources */ = {
			isa = PBXSourcesBuildPhase;
			buildActionMask = 2147483647;
			files = (
				72220EB61333052D00FCA411 /* adminutil.c in Sources */,
				72220EC51333056300FCA411 /* array.c in Sources */,
				72220EC71333056300FCA411 /* attr.c in Sources */,
				72220EC81333056300FCA411 /* auth.c in Sources */,
				72220EC91333056300FCA411 /* backchannel.c in Sources */,
				72220ECA1333056300FCA411 /* backend.c in Sources */,
				72220ECC1333056300FCA411 /* conflicts.c in Sources */,
				72220ECF1333056300FCA411 /* custom.c in Sources */,
				72220F0B133305BB00FCA411 /* debug.c in Sources */,
				72220F0C133305BB00FCA411 /* dest.c in Sources */,
				72220F0D133305BB00FCA411 /* dir.c in Sources */,
				72220F0F133305BB00FCA411 /* emit.c in Sources */,
				72220F10133305BB00FCA411 /* encode.c in Sources */,
				72220F12133305BB00FCA411 /* file.c in Sources */,
				72220F14133305BB00FCA411 /* getdevices.c in Sources */,
				72220F15133305BB00FCA411 /* getifaddrs.c in Sources */,
				72220F16133305BB00FCA411 /* getputfile.c in Sources */,
				72220F17133305BB00FCA411 /* globals.c in Sources */,
				72220F18133305BB00FCA411 /* http-addr.c in Sources */,
				72220F19133305BB00FCA411 /* http-addrlist.c in Sources */,
				72220F1B133305BB00FCA411 /* http-support.c in Sources */,
				72220F1C133305BB00FCA411 /* http.c in Sources */,
				72220F1F133305BB00FCA411 /* ipp-support.c in Sources */,
				72220F20133305BB00FCA411 /* ipp.c in Sources */,
				72220F22133305BB00FCA411 /* langprintf.c in Sources */,
				72220F24133305BB00FCA411 /* language.c in Sources */,
				72220F26133305BB00FCA411 /* localize.c in Sources */,
				72220F27133305BB00FCA411 /* mark.c in Sources */,
				72220F29133305BB00FCA411 /* md5.c in Sources */,
				72220F2A133305BB00FCA411 /* md5passwd.c in Sources */,
				72220F2B133305BB00FCA411 /* notify.c in Sources */,
				72220F2C133305BB00FCA411 /* options.c in Sources */,
				72220F2D133305BB00FCA411 /* page.c in Sources */,
				72220F2E133305BB00FCA411 /* ppd-cache.c in Sources */,
				72220F30133305BB00FCA411 /* ppd.c in Sources */,
				72220F32133305BB00FCA411 /* pwg-media.c in Sources */,
				72220F35133305BB00FCA411 /* request.c in Sources */,
				72220F36133305BB00FCA411 /* sidechannel.c in Sources */,
				72220F39133305BB00FCA411 /* snmp.c in Sources */,
				72220F3A133305BB00FCA411 /* snprintf.c in Sources */,
				72220F3C133305BB00FCA411 /* string.c in Sources */,
				72220F3D133305BB00FCA411 /* tempfile.c in Sources */,
				72220F3F133305BB00FCA411 /* thread.c in Sources */,
				72220F40133305BB00FCA411 /* transcode.c in Sources */,
				72220F42133305BB00FCA411 /* usersys.c in Sources */,
				72220F43133305BB00FCA411 /* util.c in Sources */,
			);
			runOnlyForDeploymentPostprocessing = 0;
		};
		72220F5713330A5A00FCA411 /* Sources */ = {
			isa = PBXSourcesBuildPhase;
			buildActionMask = 2147483647;
			files = (
				72220F9013330B0C00FCA411 /* auth.c in Sources */,
				72220F9113330B0C00FCA411 /* banners.c in Sources */,
				72220F9213330B0C00FCA411 /* cert.c in Sources */,
				72220F9313330B0C00FCA411 /* classes.c in Sources */,
				72220F9413330B0C00FCA411 /* client.c in Sources */,
				72220F9513330B0C00FCA411 /* conf.c in Sources */,
				72220F9613330B0C00FCA411 /* dirsvc.c in Sources */,
				72220F9713330B0C00FCA411 /* env.c in Sources */,
				72220F9813330B0C00FCA411 /* ipp.c in Sources */,
				72220F9913330B0C00FCA411 /* job.c in Sources */,
				72220F9A13330B0C00FCA411 /* listen.c in Sources */,
				72220F9B13330B0C00FCA411 /* log.c in Sources */,
				72220F9C13330B0C00FCA411 /* main.c in Sources */,
				72220F9D13330B0C00FCA411 /* network.c in Sources */,
				72220F9E13330B0C00FCA411 /* policy.c in Sources */,
				72220F9F13330B0C00FCA411 /* printers.c in Sources */,
				72220FA013330B0C00FCA411 /* process.c in Sources */,
				72220FA113330B0C00FCA411 /* quotas.c in Sources */,
				72220FA213330B0C00FCA411 /* removefile.c in Sources */,
				72220FA313330B0C00FCA411 /* select.c in Sources */,
				72220FA413330B0C00FCA411 /* server.c in Sources */,
				72220FA513330B0C00FCA411 /* statbuf.c in Sources */,
				72220FA613330B0C00FCA411 /* subscriptions.c in Sources */,
				72220FA713330B0C00FCA411 /* sysman.c in Sources */,
			);
			runOnlyForDeploymentPostprocessing = 0;
		};
		72220FA813330B2200FCA411 /* Sources */ = {
			isa = PBXSourcesBuildPhase;
			buildActionMask = 2147483647;
			files = (
				72220FB613330BCE00FCA411 /* filter.c in Sources */,
				72220FB713330BCE00FCA411 /* mime.c in Sources */,
				72220FB913330BCE00FCA411 /* type.c in Sources */,
			);
			runOnlyForDeploymentPostprocessing = 0;
		};
/* End PBXSourcesBuildPhase section */

/* Begin PBXTargetDependency section */
		72220F6513330A6500FCA411 /* PBXTargetDependency */ = {
			isa = PBXTargetDependency;
			target = 72220EAD1333047D00FCA411 /* libcups */;
			targetProxy = 72220F6413330A6500FCA411 /* PBXContainerItemProxy */;
		};
		72220FBC13330C0500FCA411 /* PBXTargetDependency */ = {
			isa = PBXTargetDependency;
			target = 72220EAD1333047D00FCA411 /* libcups */;
			targetProxy = 72220FBB13330C0500FCA411 /* PBXContainerItemProxy */;
		};
		72220FBE13330C0B00FCA411 /* PBXTargetDependency */ = {
			isa = PBXTargetDependency;
			target = 72220FAB13330B2200FCA411 /* libcupsmime */;
			targetProxy = 72220FBD13330C0B00FCA411 /* PBXContainerItemProxy */;
		};
/* End PBXTargetDependency section */

/* Begin XCBuildConfiguration section */
		72220EB01333047D00FCA411 /* Debug */ = {
			isa = XCBuildConfiguration;
			buildSettings = {
				ALWAYS_SEARCH_USER_PATHS = NO;
				ARCHS = "$(ARCHS_STANDARD_32_64_BIT)";
				COPY_PHASE_STRIP = NO;
				EXECUTABLE_PREFIX = "";
				GCC_C_LANGUAGE_STANDARD = gnu99;
				GCC_DYNAMIC_NO_PIC = NO;
				GCC_ENABLE_OBJC_EXCEPTIONS = YES;
				GCC_OPTIMIZATION_LEVEL = 0;
				GCC_PREPROCESSOR_DEFINITIONS = DEBUG;
				GCC_SYMBOLS_PRIVATE_EXTERN = NO;
				GCC_VERSION = com.apple.compilers.llvm.clang.1_0;
				GCC_WARN_64_TO_32_BIT_CONVERSION = YES;
				GCC_WARN_ABOUT_RETURN_TYPE = YES;
				GCC_WARN_UNUSED_VARIABLE = YES;
				INSTALL_PATH = /usr/lib;
				MACOSX_DEPLOYMENT_TARGET = 10.7;
				ONLY_ACTIVE_ARCH = YES;
				PRIVATE_HEADERS_FOLDER_PATH = /usr/local/include/cups;
				PRODUCT_NAME = "$(TARGET_NAME)";
				PUBLIC_HEADERS_FOLDER_PATH = /usr/include/cups;
				SDKROOT = macosx;
			};
			name = Debug;
		};
		72220EB11333047D00FCA411 /* Release */ = {
			isa = XCBuildConfiguration;
			buildSettings = {
				ALWAYS_SEARCH_USER_PATHS = NO;
				ARCHS = "$(ARCHS_STANDARD_32_64_BIT)";
				COPY_PHASE_STRIP = YES;
				DEBUG_INFORMATION_FORMAT = "dwarf-with-dsym";
				EXECUTABLE_PREFIX = "";
				GCC_C_LANGUAGE_STANDARD = gnu99;
				GCC_ENABLE_OBJC_EXCEPTIONS = YES;
				GCC_VERSION = com.apple.compilers.llvm.clang.1_0;
				GCC_WARN_64_TO_32_BIT_CONVERSION = YES;
				GCC_WARN_ABOUT_RETURN_TYPE = YES;
				GCC_WARN_UNUSED_VARIABLE = YES;
				INSTALL_PATH = /usr/lib;
				MACOSX_DEPLOYMENT_TARGET = 10.7;
				PRIVATE_HEADERS_FOLDER_PATH = /usr/local/include/cups;
				PRODUCT_NAME = "$(TARGET_NAME)";
				PUBLIC_HEADERS_FOLDER_PATH = /usr/include/cups;
				SDKROOT = macosx;
			};
			name = Release;
		};
		72220F6213330A5A00FCA411 /* Debug */ = {
			isa = XCBuildConfiguration;
			buildSettings = {
				ALWAYS_SEARCH_USER_PATHS = NO;
				ARCHS = "$(ARCHS_STANDARD_32_64_BIT)";
				COPY_PHASE_STRIP = NO;
				GCC_C_LANGUAGE_STANDARD = gnu99;
				GCC_DYNAMIC_NO_PIC = NO;
				GCC_ENABLE_OBJC_EXCEPTIONS = YES;
				GCC_OPTIMIZATION_LEVEL = 0;
				GCC_PREPROCESSOR_DEFINITIONS = DEBUG;
				GCC_SYMBOLS_PRIVATE_EXTERN = NO;
				GCC_VERSION = com.apple.compilers.llvm.clang.1_0;
				GCC_WARN_64_TO_32_BIT_CONVERSION = YES;
				GCC_WARN_ABOUT_RETURN_TYPE = YES;
				GCC_WARN_UNUSED_VARIABLE = YES;
				MACOSX_DEPLOYMENT_TARGET = 10.7;
				ONLY_ACTIVE_ARCH = YES;
				PRODUCT_NAME = "$(TARGET_NAME)";
				SDKROOT = macosx;
			};
			name = Debug;
		};
		72220F6313330A5A00FCA411 /* Release */ = {
			isa = XCBuildConfiguration;
			buildSettings = {
				ALWAYS_SEARCH_USER_PATHS = NO;
				ARCHS = "$(ARCHS_STANDARD_32_64_BIT)";
				COPY_PHASE_STRIP = YES;
				DEBUG_INFORMATION_FORMAT = "dwarf-with-dsym";
				GCC_C_LANGUAGE_STANDARD = gnu99;
				GCC_ENABLE_OBJC_EXCEPTIONS = YES;
				GCC_VERSION = com.apple.compilers.llvm.clang.1_0;
				GCC_WARN_64_TO_32_BIT_CONVERSION = YES;
				GCC_WARN_ABOUT_RETURN_TYPE = YES;
				GCC_WARN_UNUSED_VARIABLE = YES;
				MACOSX_DEPLOYMENT_TARGET = 10.7;
				PRODUCT_NAME = "$(TARGET_NAME)";
				SDKROOT = macosx;
			};
			name = Release;
		};
		72220FAE13330B2300FCA411 /* Debug */ = {
			isa = XCBuildConfiguration;
			buildSettings = {
				ALWAYS_SEARCH_USER_PATHS = NO;
				ARCHS = "$(ARCHS_STANDARD_32_64_BIT)";
				COPY_PHASE_STRIP = NO;
				EXECUTABLE_PREFIX = "";
				GCC_C_LANGUAGE_STANDARD = gnu99;
				GCC_DYNAMIC_NO_PIC = NO;
				GCC_ENABLE_OBJC_EXCEPTIONS = YES;
				GCC_OPTIMIZATION_LEVEL = 0;
				GCC_PREPROCESSOR_DEFINITIONS = DEBUG;
				GCC_SYMBOLS_PRIVATE_EXTERN = NO;
				GCC_VERSION = com.apple.compilers.llvm.clang.1_0;
				GCC_WARN_64_TO_32_BIT_CONVERSION = YES;
				GCC_WARN_ABOUT_RETURN_TYPE = YES;
				GCC_WARN_UNUSED_VARIABLE = YES;
				MACOSX_DEPLOYMENT_TARGET = 10.7;
				ONLY_ACTIVE_ARCH = YES;
				PRODUCT_NAME = "$(TARGET_NAME)";
				SDKROOT = macosx;
			};
			name = Debug;
		};
		72220FAF13330B2300FCA411 /* Release */ = {
			isa = XCBuildConfiguration;
			buildSettings = {
				ALWAYS_SEARCH_USER_PATHS = NO;
				ARCHS = "$(ARCHS_STANDARD_32_64_BIT)";
				COPY_PHASE_STRIP = YES;
				DEBUG_INFORMATION_FORMAT = "dwarf-with-dsym";
				EXECUTABLE_PREFIX = "";
				GCC_C_LANGUAGE_STANDARD = gnu99;
				GCC_ENABLE_OBJC_EXCEPTIONS = YES;
				GCC_VERSION = com.apple.compilers.llvm.clang.1_0;
				GCC_WARN_64_TO_32_BIT_CONVERSION = YES;
				GCC_WARN_ABOUT_RETURN_TYPE = YES;
				GCC_WARN_UNUSED_VARIABLE = YES;
				MACOSX_DEPLOYMENT_TARGET = 10.7;
				PRODUCT_NAME = "$(TARGET_NAME)";
				SDKROOT = macosx;
			};
			name = Release;
		};
		72BF963C1333042100B1EAD7 /* Debug */ = {
			isa = XCBuildConfiguration;
			buildSettings = {
				HEADER_SEARCH_PATHS = (
					.,
					..,
				);
			};
			name = Debug;
		};
		72BF963D1333042100B1EAD7 /* Release */ = {
			isa = XCBuildConfiguration;
			buildSettings = {
				HEADER_SEARCH_PATHS = (
					.,
					..,
				);
			};
			name = Release;
		};
/* End XCBuildConfiguration section */

/* Begin XCConfigurationList section */
		72220EB21333047D00FCA411 /* Build configuration list for PBXNativeTarget "libcups" */ = {
			isa = XCConfigurationList;
			buildConfigurations = (
				72220EB01333047D00FCA411 /* Debug */,
				72220EB11333047D00FCA411 /* Release */,
			);
			defaultConfigurationIsVisible = 0;
			defaultConfigurationName = Release;
		};
		72220F6113330A5A00FCA411 /* Build configuration list for PBXNativeTarget "cupsd" */ = {
			isa = XCConfigurationList;
			buildConfigurations = (
				72220F6213330A5A00FCA411 /* Debug */,
				72220F6313330A5A00FCA411 /* Release */,
			);
			defaultConfigurationIsVisible = 0;
			defaultConfigurationName = Release;
		};
		72220FAD13330B2300FCA411 /* Build configuration list for PBXNativeTarget "libcupsmime" */ = {
			isa = XCConfigurationList;
			buildConfigurations = (
				72220FAE13330B2300FCA411 /* Debug */,
				72220FAF13330B2300FCA411 /* Release */,
			);
			defaultConfigurationIsVisible = 0;
			defaultConfigurationName = Release;
		};
		72BF963A1333042100B1EAD7 /* Build configuration list for PBXProject "CUPS" */ = {
			isa = XCConfigurationList;
			buildConfigurations = (
				72BF963C1333042100B1EAD7 /* Debug */,
				72BF963D1333042100B1EAD7 /* Release */,
			);
			defaultConfigurationIsVisible = 0;
			defaultConfigurationName = Release;
		};
/* End XCConfigurationList section */
	};
	rootObject = 72BF96371333042100B1EAD7 /* Project object */;
}
